
Microsoft Visual Studio Solution File, Format Version 11.00
# Visual Studio 2010
Project("{FAE04EC0-301F-11D3-BF4B-00C04F79EFBC}") = "GreenField.App", "GreenField.App\GreenField.App.csproj", "{F914419C-A86A-487F-9757-8DF5151FAA77}"
EndProject
Project("{FAE04EC0-301F-11D3-BF4B-00C04F79EFBC}") = "GreenField.Web", "GreenField.Web\GreenField.Web.csproj", "{64C3D391-3815-4125-9AEE-2C253B7A80A3}"
EndProject
Project("{FAE04EC0-301F-11D3-BF4B-00C04F79EFBC}") = "GreenField.ServiceCaller", "GreenField.ServiceCaller\GreenField.ServiceCaller.csproj", "{F46363AA-C93C-4396-8C99-3C513EF3A875}"
	ProjectSection(ProjectDependencies) = postProject
		{64C3D391-3815-4125-9AEE-2C253B7A80A3} = {64C3D391-3815-4125-9AEE-2C253B7A80A3}
	EndProjectSection
EndProject
Project("{FAE04EC0-301F-11D3-BF4B-00C04F79EFBC}") = "GreenField.DAL", "GreenField.DAL\GreenField.DAL.csproj", "{602A785A-F8AC-47D5-9AA9-6DE52A97C74A}"
EndProject
Project("{FAE04EC0-301F-11D3-BF4B-00C04F79EFBC}") = "GreenField.LoginModule", "GreenField.LoginModule\GreenField.LoginModule.csproj", "{98908D84-F1D0-49CB-AB27-03499035BA00}"
EndProject
Project("{FAE04EC0-301F-11D3-BF4B-00C04F79EFBC}") = "GreenField.Login.App", "GreenField.Login.App\GreenField.Login.App.csproj", "{52101286-444F-49E8-ADC8-28F884471DB7}"
EndProject
Project("{FAE04EC0-301F-11D3-BF4B-00C04F79EFBC}") = "GreenField.Common", "GreenField.Common\GreenField.Common.csproj", "{46F8DB66-D3C6-4F12-B31B-60744ED3D840}"
EndProject
Project("{FAE04EC0-301F-11D3-BF4B-00C04F79EFBC}") = "GreenField.AdministrationModule", "GreenField.AdministrationModule\GreenField.AdministrationModule.csproj", "{DDB40CCE-A142-4911-8B48-6424B737D8F7}"
EndProject
Project("{FAE04EC0-301F-11D3-BF4B-00C04F79EFBC}") = "GreenField.DashboardModule", "GreenField.DashBoardModule\GreenField.DashboardModule.csproj", "{BEFDA960-2EED-4D30-A2A6-36C0E899516E}"
EndProject
Project("{FAE04EC0-301F-11D3-BF4B-00C04F79EFBC}") = "GreenField.Gadgets", "GreenField.Gadgets\GreenField.Gadgets.csproj", "{E741FBBE-A033-44F2-B1F1-1E7F554ED6D4}"
EndProject
Project("{FAE04EC0-301F-11D3-BF4B-00C04F79EFBC}") = "GreenField.Logging", "GreenField.Logging\GreenField.Logging.csproj", "{9052AA7D-8CC7-49C3-AB84-ECB114E6BCA0}"
EndProject
Project("{FAE04EC0-301F-11D3-BF4B-00C04F79EFBC}") = "GreenField.ServiceCaller.UnitTest", "GreenField.ServiceCaller.UnitTest\GreenField.ServiceCaller.UnitTest.csproj", "{52BC7ACA-764F-42CC-80DE-DA631FDB556A}"
EndProject
Project("{FAE04EC0-301F-11D3-BF4B-00C04F79EFBC}") = "GreenField.DataContracts.Silverlight", "GreenField.DataContracts\GreenField.DataContracts.Silverlight.csproj", "{14F42BE6-0FC1-4296-A82C-B85FE0C182B3}"
EndProject
Project("{FAE04EC0-301F-11D3-BF4B-00C04F79EFBC}") = "GreenField.DataContracts.Web", "GreenField.DataContracts.Web\GreenField.DataContracts.Web.csproj", "{4C6E427B-F6A3-408F-A50C-0B2C586D65EB}"
EndProject
Project("{FAE04EC0-301F-11D3-BF4B-00C04F79EFBC}") = "GreenField.UserSession", "GreenField.SessionManager\GreenField.UserSession.csproj", "{B8F4F078-2ED3-4CCC-9CB3-708A69CEB4EB}"
EndProject
Project("{2150E333-8FDC-42A3-9474-1A3956D46DE8}") = "Targering", "Targering", "{3ED827C9-3896-4F5C-AC9A-7516D531C209}"
EndProject
Project("{FAE04EC0-301F-11D3-BF4B-00C04F79EFBC}") = "TopDown.Core", "..\..\..\top-down\TopDown.Core\TopDown.Core.csproj", "{BB8D9BF9-12E7-40FF-BAE5-845D8927BB59}"
EndProject
Project("{FAE04EC0-301F-11D3-BF4B-00C04F79EFBC}") = "TopDown.FacingClient", "..\..\..\top-down\TopDown.FacingClient\TopDown.FacingClient.csproj", "{6E829E28-5519-4627-960D-12DD9162D156}"
EndProject
Project("{FAE04EC0-301F-11D3-BF4B-00C04F79EFBC}") = "Aims.Expressions", "..\..\..\top-down\TopDown.Expressions\Aims.Expressions.csproj", "{9FC437D2-362D-4898-8C9B-408B16406A0F}"
EndProject
Global
	GlobalSection(SolutionConfigurationPlatforms) = preSolution
		Debug|Any CPU = Debug|Any CPU
		Debug|Mixed Platforms = Debug|Mixed Platforms
		Debug|x86 = Debug|x86
		Release|Any CPU = Release|Any CPU
		Release|Mixed Platforms = Release|Mixed Platforms
		Release|x86 = Release|x86
	EndGlobalSection
	GlobalSection(ProjectConfigurationPlatforms) = postSolution
		{F914419C-A86A-487F-9757-8DF5151FAA77}.Debug|Any CPU.ActiveCfg = Debug|Any CPU
		{F914419C-A86A-487F-9757-8DF5151FAA77}.Debug|Any CPU.Build.0 = Debug|Any CPU
		{F914419C-A86A-487F-9757-8DF5151FAA77}.Debug|Mixed Platforms.ActiveCfg = Debug|Any CPU
		{F914419C-A86A-487F-9757-8DF5151FAA77}.Debug|Mixed Platforms.Build.0 = Debug|Any CPU
		{F914419C-A86A-487F-9757-8DF5151FAA77}.Debug|x86.ActiveCfg = Debug|Any CPU
		{F914419C-A86A-487F-9757-8DF5151FAA77}.Release|Any CPU.ActiveCfg = Release|Any CPU
		{F914419C-A86A-487F-9757-8DF5151FAA77}.Release|Any CPU.Build.0 = Release|Any CPU
		{F914419C-A86A-487F-9757-8DF5151FAA77}.Release|Mixed Platforms.ActiveCfg = Release|Any CPU
		{F914419C-A86A-487F-9757-8DF5151FAA77}.Release|Mixed Platforms.Build.0 = Release|Any CPU
		{F914419C-A86A-487F-9757-8DF5151FAA77}.Release|x86.ActiveCfg = Release|Any CPU
		{64C3D391-3815-4125-9AEE-2C253B7A80A3}.Debug|Any CPU.ActiveCfg = Debug|Any CPU
		{64C3D391-3815-4125-9AEE-2C253B7A80A3}.Debug|Any CPU.Build.0 = Debug|Any CPU
		{64C3D391-3815-4125-9AEE-2C253B7A80A3}.Debug|Mixed Platforms.ActiveCfg = Debug|Any CPU
		{64C3D391-3815-4125-9AEE-2C253B7A80A3}.Debug|Mixed Platforms.Build.0 = Debug|Any CPU
		{64C3D391-3815-4125-9AEE-2C253B7A80A3}.Debug|x86.ActiveCfg = Debug|Any CPU
		{64C3D391-3815-4125-9AEE-2C253B7A80A3}.Release|Any CPU.ActiveCfg = Release|Any CPU
		{64C3D391-3815-4125-9AEE-2C253B7A80A3}.Release|Any CPU.Build.0 = Release|Any CPU
		{64C3D391-3815-4125-9AEE-2C253B7A80A3}.Release|Mixed Platforms.ActiveCfg = Release|Any CPU
		{64C3D391-3815-4125-9AEE-2C253B7A80A3}.Release|Mixed Platforms.Build.0 = Release|Any CPU
		{64C3D391-3815-4125-9AEE-2C253B7A80A3}.Release|x86.ActiveCfg = Release|Any CPU
		{F46363AA-C93C-4396-8C99-3C513EF3A875}.Debug|Any CPU.ActiveCfg = Debug|Any CPU
		{F46363AA-C93C-4396-8C99-3C513EF3A875}.Debug|Any CPU.Build.0 = Debug|Any CPU
		{F46363AA-C93C-4396-8C99-3C513EF3A875}.Debug|Mixed Platforms.ActiveCfg = Debug|Any CPU
		{F46363AA-C93C-4396-8C99-3C513EF3A875}.Debug|Mixed Platforms.Build.0 = Debug|Any CPU
		{F46363AA-C93C-4396-8C99-3C513EF3A875}.Debug|x86.ActiveCfg = Debug|Any CPU
		{F46363AA-C93C-4396-8C99-3C513EF3A875}.Release|Any CPU.ActiveCfg = Release|Any CPU
		{F46363AA-C93C-4396-8C99-3C513EF3A875}.Release|Any CPU.Build.0 = Release|Any CPU
		{F46363AA-C93C-4396-8C99-3C513EF3A875}.Release|Mixed Platforms.ActiveCfg = Release|Any CPU
		{F46363AA-C93C-4396-8C99-3C513EF3A875}.Release|Mixed Platforms.Build.0 = Release|Any CPU
		{F46363AA-C93C-4396-8C99-3C513EF3A875}.Release|x86.ActiveCfg = Release|Any CPU
		{602A785A-F8AC-47D5-9AA9-6DE52A97C74A}.Debug|Any CPU.ActiveCfg = Debug|Any CPU
		{602A785A-F8AC-47D5-9AA9-6DE52A97C74A}.Debug|Any CPU.Build.0 = Debug|Any CPU
		{602A785A-F8AC-47D5-9AA9-6DE52A97C74A}.Debug|Mixed Platforms.ActiveCfg = Debug|Any CPU
		{602A785A-F8AC-47D5-9AA9-6DE52A97C74A}.Debug|Mixed Platforms.Build.0 = Debug|Any CPU
		{602A785A-F8AC-47D5-9AA9-6DE52A97C74A}.Debug|x86.ActiveCfg = Debug|Any CPU
		{602A785A-F8AC-47D5-9AA9-6DE52A97C74A}.Release|Any CPU.ActiveCfg = Release|Any CPU
		{602A785A-F8AC-47D5-9AA9-6DE52A97C74A}.Release|Any CPU.Build.0 = Release|Any CPU
		{602A785A-F8AC-47D5-9AA9-6DE52A97C74A}.Release|Mixed Platforms.ActiveCfg = Release|Any CPU
		{602A785A-F8AC-47D5-9AA9-6DE52A97C74A}.Release|Mixed Platforms.Build.0 = Release|Any CPU
		{602A785A-F8AC-47D5-9AA9-6DE52A97C74A}.Release|x86.ActiveCfg = Release|Any CPU
		{98908D84-F1D0-49CB-AB27-03499035BA00}.Debug|Any CPU.ActiveCfg = Debug|Any CPU
		{98908D84-F1D0-49CB-AB27-03499035BA00}.Debug|Any CPU.Build.0 = Debug|Any CPU
		{98908D84-F1D0-49CB-AB27-03499035BA00}.Debug|Mixed Platforms.ActiveCfg = Debug|Any CPU
		{98908D84-F1D0-49CB-AB27-03499035BA00}.Debug|Mixed Platforms.Build.0 = Debug|Any CPU
		{98908D84-F1D0-49CB-AB27-03499035BA00}.Debug|x86.ActiveCfg = Debug|Any CPU
		{98908D84-F1D0-49CB-AB27-03499035BA00}.Release|Any CPU.ActiveCfg = Release|Any CPU
		{98908D84-F1D0-49CB-AB27-03499035BA00}.Release|Any CPU.Build.0 = Release|Any CPU
		{98908D84-F1D0-49CB-AB27-03499035BA00}.Release|Mixed Platforms.ActiveCfg = Release|Any CPU
		{98908D84-F1D0-49CB-AB27-03499035BA00}.Release|Mixed Platforms.Build.0 = Release|Any CPU
		{98908D84-F1D0-49CB-AB27-03499035BA00}.Release|x86.ActiveCfg = Release|Any CPU
		{52101286-444F-49E8-ADC8-28F884471DB7}.Debug|Any CPU.ActiveCfg = Debug|Any CPU
		{52101286-444F-49E8-ADC8-28F884471DB7}.Debug|Any CPU.Build.0 = Debug|Any CPU
		{52101286-444F-49E8-ADC8-28F884471DB7}.Debug|Mixed Platforms.ActiveCfg = Debug|Any CPU
		{52101286-444F-49E8-ADC8-28F884471DB7}.Debug|Mixed Platforms.Build.0 = Debug|Any CPU
		{52101286-444F-49E8-ADC8-28F884471DB7}.Debug|x86.ActiveCfg = Debug|Any CPU
		{52101286-444F-49E8-ADC8-28F884471DB7}.Release|Any CPU.ActiveCfg = Release|Any CPU
		{52101286-444F-49E8-ADC8-28F884471DB7}.Release|Any CPU.Build.0 = Release|Any CPU
		{52101286-444F-49E8-ADC8-28F884471DB7}.Release|Mixed Platforms.ActiveCfg = Release|Any CPU
		{52101286-444F-49E8-ADC8-28F884471DB7}.Release|Mixed Platforms.Build.0 = Release|Any CPU
		{52101286-444F-49E8-ADC8-28F884471DB7}.Release|x86.ActiveCfg = Release|Any CPU
		{46F8DB66-D3C6-4F12-B31B-60744ED3D840}.Debug|Any CPU.ActiveCfg = Debug|Any CPU
		{46F8DB66-D3C6-4F12-B31B-60744ED3D840}.Debug|Any CPU.Build.0 = Debug|Any CPU
		{46F8DB66-D3C6-4F12-B31B-60744ED3D840}.Debug|Mixed Platforms.ActiveCfg = Debug|Any CPU
		{46F8DB66-D3C6-4F12-B31B-60744ED3D840}.Debug|Mixed Platforms.Build.0 = Debug|Any CPU
		{46F8DB66-D3C6-4F12-B31B-60744ED3D840}.Debug|x86.ActiveCfg = Debug|Any CPU
		{46F8DB66-D3C6-4F12-B31B-60744ED3D840}.Release|Any CPU.ActiveCfg = Release|Any CPU
		{46F8DB66-D3C6-4F12-B31B-60744ED3D840}.Release|Any CPU.Build.0 = Release|Any CPU
		{46F8DB66-D3C6-4F12-B31B-60744ED3D840}.Release|Mixed Platforms.ActiveCfg = Release|Any CPU
		{46F8DB66-D3C6-4F12-B31B-60744ED3D840}.Release|Mixed Platforms.Build.0 = Release|Any CPU
		{46F8DB66-D3C6-4F12-B31B-60744ED3D840}.Release|x86.ActiveCfg = Release|Any CPU
		{DDB40CCE-A142-4911-8B48-6424B737D8F7}.Debug|Any CPU.ActiveCfg = Debug|Any CPU
		{DDB40CCE-A142-4911-8B48-6424B737D8F7}.Debug|Any CPU.Build.0 = Debug|Any CPU
		{DDB40CCE-A142-4911-8B48-6424B737D8F7}.Debug|Mixed Platforms.ActiveCfg = Debug|Any CPU
		{DDB40CCE-A142-4911-8B48-6424B737D8F7}.Debug|Mixed Platforms.Build.0 = Debug|Any CPU
		{DDB40CCE-A142-4911-8B48-6424B737D8F7}.Debug|x86.ActiveCfg = Debug|Any CPU
		{DDB40CCE-A142-4911-8B48-6424B737D8F7}.Release|Any CPU.ActiveCfg = Release|Any CPU
		{DDB40CCE-A142-4911-8B48-6424B737D8F7}.Release|Any CPU.Build.0 = Release|Any CPU
		{DDB40CCE-A142-4911-8B48-6424B737D8F7}.Release|Mixed Platforms.ActiveCfg = Release|Any CPU
		{DDB40CCE-A142-4911-8B48-6424B737D8F7}.Release|Mixed Platforms.Build.0 = Release|Any CPU
		{DDB40CCE-A142-4911-8B48-6424B737D8F7}.Release|x86.ActiveCfg = Release|Any CPU
		{BEFDA960-2EED-4D30-A2A6-36C0E899516E}.Debug|Any CPU.ActiveCfg = Debug|Any CPU
		{BEFDA960-2EED-4D30-A2A6-36C0E899516E}.Debug|Any CPU.Build.0 = Debug|Any CPU
		{BEFDA960-2EED-4D30-A2A6-36C0E899516E}.Debug|Mixed Platforms.ActiveCfg = Debug|Any CPU
		{BEFDA960-2EED-4D30-A2A6-36C0E899516E}.Debug|Mixed Platforms.Build.0 = Debug|Any CPU
		{BEFDA960-2EED-4D30-A2A6-36C0E899516E}.Debug|x86.ActiveCfg = Debug|Any CPU
		{BEFDA960-2EED-4D30-A2A6-36C0E899516E}.Release|Any CPU.ActiveCfg = Release|Any CPU
		{BEFDA960-2EED-4D30-A2A6-36C0E899516E}.Release|Any CPU.Build.0 = Release|Any CPU
		{BEFDA960-2EED-4D30-A2A6-36C0E899516E}.Release|Mixed Platforms.ActiveCfg = Release|Any CPU
		{BEFDA960-2EED-4D30-A2A6-36C0E899516E}.Release|Mixed Platforms.Build.0 = Release|Any CPU
		{BEFDA960-2EED-4D30-A2A6-36C0E899516E}.Release|x86.ActiveCfg = Release|Any CPU
		{E741FBBE-A033-44F2-B1F1-1E7F554ED6D4}.Debug|Any CPU.ActiveCfg = Debug|Any CPU
		{E741FBBE-A033-44F2-B1F1-1E7F554ED6D4}.Debug|Any CPU.Build.0 = Debug|Any CPU
		{E741FBBE-A033-44F2-B1F1-1E7F554ED6D4}.Debug|Mixed Platforms.ActiveCfg = Debug|Any CPU
		{E741FBBE-A033-44F2-B1F1-1E7F554ED6D4}.Debug|Mixed Platforms.Build.0 = Debug|Any CPU
		{E741FBBE-A033-44F2-B1F1-1E7F554ED6D4}.Debug|x86.ActiveCfg = Debug|Any CPU
		{E741FBBE-A033-44F2-B1F1-1E7F554ED6D4}.Release|Any CPU.ActiveCfg = Release|Any CPU
		{E741FBBE-A033-44F2-B1F1-1E7F554ED6D4}.Release|Any CPU.Build.0 = Release|Any CPU
		{E741FBBE-A033-44F2-B1F1-1E7F554ED6D4}.Release|Mixed Platforms.ActiveCfg = Release|Any CPU
		{E741FBBE-A033-44F2-B1F1-1E7F554ED6D4}.Release|Mixed Platforms.Build.0 = Release|Any CPU
		{E741FBBE-A033-44F2-B1F1-1E7F554ED6D4}.Release|x86.ActiveCfg = Release|Any CPU
		{9052AA7D-8CC7-49C3-AB84-ECB114E6BCA0}.Debug|Any CPU.ActiveCfg = Debug|Any CPU
		{9052AA7D-8CC7-49C3-AB84-ECB114E6BCA0}.Debug|Any CPU.Build.0 = Debug|Any CPU
		{9052AA7D-8CC7-49C3-AB84-ECB114E6BCA0}.Debug|Mixed Platforms.ActiveCfg = Debug|Any CPU
		{9052AA7D-8CC7-49C3-AB84-ECB114E6BCA0}.Debug|Mixed Platforms.Build.0 = Debug|Any CPU
		{9052AA7D-8CC7-49C3-AB84-ECB114E6BCA0}.Debug|x86.ActiveCfg = Debug|Any CPU
		{9052AA7D-8CC7-49C3-AB84-ECB114E6BCA0}.Release|Any CPU.ActiveCfg = Release|Any CPU
		{9052AA7D-8CC7-49C3-AB84-ECB114E6BCA0}.Release|Any CPU.Build.0 = Release|Any CPU
		{9052AA7D-8CC7-49C3-AB84-ECB114E6BCA0}.Release|Mixed Platforms.ActiveCfg = Release|Any CPU
		{9052AA7D-8CC7-49C3-AB84-ECB114E6BCA0}.Release|Mixed Platforms.Build.0 = Release|Any CPU
		{9052AA7D-8CC7-49C3-AB84-ECB114E6BCA0}.Release|x86.ActiveCfg = Release|Any CPU
		{52BC7ACA-764F-42CC-80DE-DA631FDB556A}.Debug|Any CPU.ActiveCfg = Debug|Any CPU
		{52BC7ACA-764F-42CC-80DE-DA631FDB556A}.Debug|Any CPU.Build.0 = Debug|Any CPU
		{52BC7ACA-764F-42CC-80DE-DA631FDB556A}.Debug|Mixed Platforms.ActiveCfg = Debug|Any CPU
		{52BC7ACA-764F-42CC-80DE-DA631FDB556A}.Debug|Mixed Platforms.Build.0 = Debug|Any CPU
		{52BC7ACA-764F-42CC-80DE-DA631FDB556A}.Debug|x86.ActiveCfg = Debug|Any CPU
		{52BC7ACA-764F-42CC-80DE-DA631FDB556A}.Release|Any CPU.ActiveCfg = Release|Any CPU
		{52BC7ACA-764F-42CC-80DE-DA631FDB556A}.Release|Any CPU.Build.0 = Release|Any CPU
		{52BC7ACA-764F-42CC-80DE-DA631FDB556A}.Release|Mixed Platforms.ActiveCfg = Release|Any CPU
		{52BC7ACA-764F-42CC-80DE-DA631FDB556A}.Release|Mixed Platforms.Build.0 = Release|Any CPU
		{52BC7ACA-764F-42CC-80DE-DA631FDB556A}.Release|x86.ActiveCfg = Release|Any CPU
		{14F42BE6-0FC1-4296-A82C-B85FE0C182B3}.Debug|Any CPU.ActiveCfg = Debug|Any CPU
		{14F42BE6-0FC1-4296-A82C-B85FE0C182B3}.Debug|Any CPU.Build.0 = Debug|Any CPU
		{14F42BE6-0FC1-4296-A82C-B85FE0C182B3}.Debug|Mixed Platforms.ActiveCfg = Debug|Any CPU
		{14F42BE6-0FC1-4296-A82C-B85FE0C182B3}.Debug|Mixed Platforms.Build.0 = Debug|Any CPU
		{14F42BE6-0FC1-4296-A82C-B85FE0C182B3}.Debug|x86.ActiveCfg = Debug|Any CPU
		{14F42BE6-0FC1-4296-A82C-B85FE0C182B3}.Release|Any CPU.ActiveCfg = Release|Any CPU
		{14F42BE6-0FC1-4296-A82C-B85FE0C182B3}.Release|Any CPU.Build.0 = Release|Any CPU
		{14F42BE6-0FC1-4296-A82C-B85FE0C182B3}.Release|Mixed Platforms.ActiveCfg = Release|Any CPU
		{14F42BE6-0FC1-4296-A82C-B85FE0C182B3}.Release|Mixed Platforms.Build.0 = Release|Any CPU
		{14F42BE6-0FC1-4296-A82C-B85FE0C182B3}.Release|x86.ActiveCfg = Release|Any CPU
		{4C6E427B-F6A3-408F-A50C-0B2C586D65EB}.Debug|Any CPU.ActiveCfg = Debug|Any CPU
		{4C6E427B-F6A3-408F-A50C-0B2C586D65EB}.Debug|Any CPU.Build.0 = Debug|Any CPU
		{4C6E427B-F6A3-408F-A50C-0B2C586D65EB}.Debug|Mixed Platforms.ActiveCfg = Debug|Any CPU
		{4C6E427B-F6A3-408F-A50C-0B2C586D65EB}.Debug|Mixed Platforms.Build.0 = Debug|Any CPU
		{4C6E427B-F6A3-408F-A50C-0B2C586D65EB}.Debug|x86.ActiveCfg = Debug|Any CPU
		{4C6E427B-F6A3-408F-A50C-0B2C586D65EB}.Release|Any CPU.ActiveCfg = Release|Any CPU
		{4C6E427B-F6A3-408F-A50C-0B2C586D65EB}.Release|Any CPU.Build.0 = Release|Any CPU
		{4C6E427B-F6A3-408F-A50C-0B2C586D65EB}.Release|Mixed Platforms.ActiveCfg = Release|Any CPU
		{4C6E427B-F6A3-408F-A50C-0B2C586D65EB}.Release|Mixed Platforms.Build.0 = Release|Any CPU
		{4C6E427B-F6A3-408F-A50C-0B2C586D65EB}.Release|x86.ActiveCfg = Release|Any CPU
		{B8F4F078-2ED3-4CCC-9CB3-708A69CEB4EB}.Debug|Any CPU.ActiveCfg = Debug|Any CPU
		{B8F4F078-2ED3-4CCC-9CB3-708A69CEB4EB}.Debug|Any CPU.Build.0 = Debug|Any CPU
		{B8F4F078-2ED3-4CCC-9CB3-708A69CEB4EB}.Debug|Mixed Platforms.ActiveCfg = Debug|Any CPU
		{B8F4F078-2ED3-4CCC-9CB3-708A69CEB4EB}.Debug|Mixed Platforms.Build.0 = Debug|Any CPU
		{B8F4F078-2ED3-4CCC-9CB3-708A69CEB4EB}.Debug|x86.ActiveCfg = Debug|Any CPU
		{B8F4F078-2ED3-4CCC-9CB3-708A69CEB4EB}.Release|Any CPU.ActiveCfg = Release|Any CPU
		{B8F4F078-2ED3-4CCC-9CB3-708A69CEB4EB}.Release|Any CPU.Build.0 = Release|Any CPU
		{B8F4F078-2ED3-4CCC-9CB3-708A69CEB4EB}.Release|Mixed Platforms.ActiveCfg = Release|Any CPU
		{B8F4F078-2ED3-4CCC-9CB3-708A69CEB4EB}.Release|Mixed Platforms.Build.0 = Release|Any CPU
		{B8F4F078-2ED3-4CCC-9CB3-708A69CEB4EB}.Release|x86.ActiveCfg = Release|Any CPU
		{BB8D9BF9-12E7-40FF-BAE5-845D8927BB59}.Debug|Any CPU.ActiveCfg = Debug|x86
		{BB8D9BF9-12E7-40FF-BAE5-845D8927BB59}.Debug|Mixed Platforms.ActiveCfg = Debug|x86
		{BB8D9BF9-12E7-40FF-BAE5-845D8927BB59}.Debug|Mixed Platforms.Build.0 = Debug|x86
		{BB8D9BF9-12E7-40FF-BAE5-845D8927BB59}.Debug|x86.ActiveCfg = Debug|x86
		{BB8D9BF9-12E7-40FF-BAE5-845D8927BB59}.Debug|x86.Build.0 = Debug|x86
		{BB8D9BF9-12E7-40FF-BAE5-845D8927BB59}.Release|Any CPU.ActiveCfg = Release|x86
		{BB8D9BF9-12E7-40FF-BAE5-845D8927BB59}.Release|Mixed Platforms.ActiveCfg = Release|x86
		{BB8D9BF9-12E7-40FF-BAE5-845D8927BB59}.Release|Mixed Platforms.Build.0 = Release|x86
		{BB8D9BF9-12E7-40FF-BAE5-845D8927BB59}.Release|x86.ActiveCfg = Release|x86
		{BB8D9BF9-12E7-40FF-BAE5-845D8927BB59}.Release|x86.Build.0 = Release|x86
		{6E829E28-5519-4627-960D-12DD9162D156}.Debug|Any CPU.ActiveCfg = Debug|Any CPU
		{6E829E28-5519-4627-960D-12DD9162D156}.Debug|Any CPU.Build.0 = Debug|Any CPU
		{6E829E28-5519-4627-960D-12DD9162D156}.Debug|Mixed Platforms.ActiveCfg = Debug|Any CPU
		{6E829E28-5519-4627-960D-12DD9162D156}.Debug|Mixed Platforms.Build.0 = Debug|Any CPU
		{6E829E28-5519-4627-960D-12DD9162D156}.Debug|x86.ActiveCfg = Debug|Any CPU
		{6E829E28-5519-4627-960D-12DD9162D156}.Release|Any CPU.ActiveCfg = Release|Any CPU
		{6E829E28-5519-4627-960D-12DD9162D156}.Release|Any CPU.Build.0 = Release|Any CPU
		{6E829E28-5519-4627-960D-12DD9162D156}.Release|Mixed Platforms.ActiveCfg = Release|Any CPU
		{6E829E28-5519-4627-960D-12DD9162D156}.Release|Mixed Platforms.Build.0 = Release|Any CPU
		{6E829E28-5519-4627-960D-12DD9162D156}.Release|x86.ActiveCfg = Release|Any CPU
		{9FC437D2-362D-4898-8C9B-408B16406A0F}.Debug|Any CPU.ActiveCfg = Debug|Any CPU
		{9FC437D2-362D-4898-8C9B-408B16406A0F}.Debug|Any CPU.Build.0 = Debug|Any CPU
		{9FC437D2-362D-4898-8C9B-408B16406A0F}.Debug|Mixed Platforms.ActiveCfg = Debug|Any CPU
		{9FC437D2-362D-4898-8C9B-408B16406A0F}.Debug|Mixed Platforms.Build.0 = Debug|Any CPU
		{9FC437D2-362D-4898-8C9B-408B16406A0F}.Debug|x86.ActiveCfg = Debug|Any CPU
		{9FC437D2-362D-4898-8C9B-408B16406A0F}.Release|Any CPU.ActiveCfg = Release|Any CPU
		{9FC437D2-362D-4898-8C9B-408B16406A0F}.Release|Any CPU.Build.0 = Release|Any CPU
		{9FC437D2-362D-4898-8C9B-408B16406A0F}.Release|Mixed Platforms.ActiveCfg = Release|Any CPU
		{9FC437D2-362D-4898-8C9B-408B16406A0F}.Release|Mixed Platforms.Build.0 = Release|Any CPU
		{9FC437D2-362D-4898-8C9B-408B16406A0F}.Release|x86.ActiveCfg = Release|Any CPU
	EndGlobalSection
	GlobalSection(SolutionProperties) = preSolution
		HideSolutionNode = FALSE
	EndGlobalSection
	GlobalSection(NestedProjects) = preSolution
		{BB8D9BF9-12E7-40FF-BAE5-845D8927BB59} = {3ED827C9-3896-4F5C-AC9A-7516D531C209}
		{6E829E28-5519-4627-960D-12DD9162D156} = {3ED827C9-3896-4F5C-AC9A-7516D531C209}
		{9FC437D2-362D-4898-8C9B-408B16406A0F} = {3ED827C9-3896-4F5C-AC9A-7516D531C209}
	EndGlobalSection
EndGlobal
