
Microsoft Visual Studio Solution File, Format Version 12.00
# Visual Studio 2012
Project("{2150E333-8FDC-42A3-9474-1A3956D46DE8}") = "Targeting", "Targeting", "{78994EE7-638E-4217-8C28-E12F8E98BE31}"
EndProject
Project("{2150E333-8FDC-42A3-9474-1A3956D46DE8}") = "IssuerShares", "IssuerShares", "{5CFEF42B-4012-4460-BB16-8D0916785E8B}"
EndProject
Project("{FAE04EC0-301F-11D3-BF4B-00C04F79EFBC}") = "GreenField.App", "GreenField.App\GreenField.App.csproj", "{F914419C-A86A-487F-9757-8DF5151FAA77}"
EndProject
Project("{FAE04EC0-301F-11D3-BF4B-00C04F79EFBC}") = "GreenField.Web", "GreenField.Web\GreenField.Web.csproj", "{64C3D391-3815-4125-9AEE-2C253B7A80A3}"
EndProject
Project("{FAE04EC0-301F-11D3-BF4B-00C04F79EFBC}") = "GreenField.ServiceCaller", "GreenField.ServiceCaller\GreenField.ServiceCaller.csproj", "{F46363AA-C93C-4396-8C99-3C513EF3A875}"
	ProjectSection(ProjectDependencies) = postProject
		{64C3D391-3815-4125-9AEE-2C253B7A80A3} = {64C3D391-3815-4125-9AEE-2C253B7A80A3}
	EndProjectSection
EndProject
Project("{FAE04EC0-301F-11D3-BF4B-00C04F79EFBC}") = "GreenField.DAL", "GreenField.DAL\GreenField.DAL.csproj", "{602A785A-F8AC-47D5-9AA9-6DE52A97C74A}"
EndProject
Project("{FAE04EC0-301F-11D3-BF4B-00C04F79EFBC}") = "GreenField.LoginModule", "GreenField.LoginModule\GreenField.LoginModule.csproj", "{98908D84-F1D0-49CB-AB27-03499035BA00}"
EndProject
Project("{FAE04EC0-301F-11D3-BF4B-00C04F79EFBC}") = "GreenField.Login.App", "GreenField.Login.App\GreenField.Login.App.csproj", "{52101286-444F-49E8-ADC8-28F884471DB7}"
EndProject
Project("{FAE04EC0-301F-11D3-BF4B-00C04F79EFBC}") = "GreenField.Common", "GreenField.Common\GreenField.Common.csproj", "{46F8DB66-D3C6-4F12-B31B-60744ED3D840}"
EndProject
Project("{FAE04EC0-301F-11D3-BF4B-00C04F79EFBC}") = "GreenField.AdministrationModule", "GreenField.AdministrationModule\GreenField.AdministrationModule.csproj", "{DDB40CCE-A142-4911-8B48-6424B737D8F7}"
EndProject
Project("{FAE04EC0-301F-11D3-BF4B-00C04F79EFBC}") = "GreenField.DashboardModule", "GreenField.DashBoardModule\GreenField.DashboardModule.csproj", "{BEFDA960-2EED-4D30-A2A6-36C0E899516E}"
EndProject
Project("{FAE04EC0-301F-11D3-BF4B-00C04F79EFBC}") = "GreenField.Gadgets", "GreenField.Gadgets\GreenField.Gadgets.csproj", "{E741FBBE-A033-44F2-B1F1-1E7F554ED6D4}"
EndProject
Project("{FAE04EC0-301F-11D3-BF4B-00C04F79EFBC}") = "GreenField.Logging", "GreenField.Logging\GreenField.Logging.csproj", "{9052AA7D-8CC7-49C3-AB84-ECB114E6BCA0}"
EndProject
Project("{FAE04EC0-301F-11D3-BF4B-00C04F79EFBC}") = "GreenField.ServiceCaller.UnitTest", "GreenField.ServiceCaller.UnitTest\GreenField.ServiceCaller.UnitTest.csproj", "{52BC7ACA-764F-42CC-80DE-DA631FDB556A}"
EndProject
Project("{FAE04EC0-301F-11D3-BF4B-00C04F79EFBC}") = "GreenField.DataContracts.Silverlight", "GreenField.DataContracts\GreenField.DataContracts.Silverlight.csproj", "{14F42BE6-0FC1-4296-A82C-B85FE0C182B3}"
EndProject
Project("{FAE04EC0-301F-11D3-BF4B-00C04F79EFBC}") = "GreenField.DataContracts.Web", "GreenField.DataContracts.Web\GreenField.DataContracts.Web.csproj", "{4C6E427B-F6A3-408F-A50C-0B2C586D65EB}"
EndProject
Project("{FAE04EC0-301F-11D3-BF4B-00C04F79EFBC}") = "GreenField.UserSession", "GreenField.SessionManager\GreenField.UserSession.csproj", "{B8F4F078-2ED3-4CCC-9CB3-708A69CEB4EB}"
EndProject
Project("{FAE04EC0-301F-11D3-BF4B-00C04F79EFBC}") = "GreenField.Labs", "GreenField.Labs\GreenField.Labs.csproj", "{794CB7BD-0D8B-4294-8B01-9D5EEB3C3018}"
EndProject
Project("{FAE04EC0-301F-11D3-BF4B-00C04F79EFBC}") = "Aims.Expressions", "Targeting\TopDown.Expressions\Aims.Expressions.csproj", "{9FC437D2-362D-4898-8C9B-408B16406A0F}"
EndProject
Project("{FAE04EC0-301F-11D3-BF4B-00C04F79EFBC}") = "GreenField.Targeting.Server", "Targeting\GreenField.Targeting.Server\GreenField.Targeting.Server.csproj", "{6E829E28-5519-4627-960D-12DD9162D156}"
EndProject
Project("{FAE04EC0-301F-11D3-BF4B-00C04F79EFBC}") = "TopDown.Core", "Targeting\TopDown.Core\TopDown.Core.csproj", "{BB8D9BF9-12E7-40FF-BAE5-845D8927BB59}"
EndProject
Project("{FAE04EC0-301F-11D3-BF4B-00C04F79EFBC}") = "GreenField.Targeting.Controls", "Targeting\GreenField.Targeting.Controls\GreenField.Targeting.Controls.csproj", "{41FF9542-D13F-4F69-85B3-A435ADF58243}"
EndProject
Project("{FAE04EC0-301F-11D3-BF4B-00C04F79EFBC}") = "GreenField.Targeting.Client", "Targeting\GreenField.Targeting.Client\GreenField.Targeting.Client.csproj", "{60EFAB0A-6A13-4E2A-90DF-064DCB6526D2}"
	ProjectSection(ProjectDependencies) = postProject
		{64C3D391-3815-4125-9AEE-2C253B7A80A3} = {64C3D391-3815-4125-9AEE-2C253B7A80A3}
	EndProjectSection
EndProject
Project("{FAE04EC0-301F-11D3-BF4B-00C04F79EFBC}") = "Aims.Data.Client", "Targeting\Aims.Data.Client\Aims.Data.Client.csproj", "{69F03A94-4D45-4682-9796-648C752F95E6}"
EndProject
Project("{FAE04EC0-301F-11D3-BF4B-00C04F79EFBC}") = "Aims.Controls", "Targeting\Aims.Controls\Aims.Controls.csproj", "{23635A8E-745F-45D6-A4C7-31B67DA175E2}"
EndProject
Project("{FAE04EC0-301F-11D3-BF4B-00C04F79EFBC}") = "Aims.Data.Server", "IssuerShares\Aims.Data.Server\Aims.Data.Server.csproj", "{243C3D53-8C51-469E-88E1-9623A3D8292B}"
EndProject
Project("{FAE04EC0-301F-11D3-BF4B-00C04F79EFBC}") = "Aims.Core", "Aims.Core\Aims.Core.csproj", "{426D597E-4276-41D2-BE84-D1229501A51A}"
EndProject
Project("{FAE04EC0-301F-11D3-BF4B-00C04F79EFBC}") = "Greenfield.IssuerShares.Client", "IssuerShares\Greenfield.IssuerShares.Client\Greenfield.IssuerShares.Client.csproj", "{66988C68-E8CC-46A6-AD78-3A47AB1D4C0F}"
EndProject
Project("{FAE04EC0-301F-11D3-BF4B-00C04F79EFBC}") = "GreenField.IssuerShares.Controls", "IssuerShares\GreenField.IssuerShares.Controls\GreenField.IssuerShares.Controls.csproj", "{6AB54671-504F-46FC-9CBE-B56E08D409A0}"
EndProject
Project("{FAE04EC0-301F-11D3-BF4B-00C04F79EFBC}") = "GreenField.IssuerShares.Core", "IssuerShares\GreenField.IssuerShares.Core\GreenField.IssuerShares.Core.csproj", "{4979BF56-D21F-41EE-A218-E7D33F82236C}"
EndProject
Project("{FAE04EC0-301F-11D3-BF4B-00C04F79EFBC}") = "GreenField.IssuerShares.Server", "IssuerShares\GreenField.IssuerShares.Server\GreenField.IssuerShares.Server.csproj", "{9CE20073-8CED-498D-BD31-EE3FF7B7AA1A}"
EndProject
Global
	GlobalSection(SolutionConfigurationPlatforms) = preSolution
		Debug|Any CPU = Debug|Any CPU
		Debug|Mixed Platforms = Debug|Mixed Platforms
		Debug|x86 = Debug|x86
		Release|Any CPU = Release|Any CPU
		Release|Mixed Platforms = Release|Mixed Platforms
		Release|x86 = Release|x86
	EndGlobalSection
	GlobalSection(ProjectConfigurationPlatforms) = postSolution
		{F914419C-A86A-487F-9757-8DF5151FAA77}.Debug|Any CPU.ActiveCfg = Debug|Any CPU
		{F914419C-A86A-487F-9757-8DF5151FAA77}.Debug|Any CPU.Build.0 = Debug|Any CPU
		{F914419C-A86A-487F-9757-8DF5151FAA77}.Debug|Mixed Platforms.ActiveCfg = Debug|Any CPU
		{F914419C-A86A-487F-9757-8DF5151FAA77}.Debug|Mixed Platforms.Build.0 = Debug|Any CPU
		{F914419C-A86A-487F-9757-8DF5151FAA77}.Debug|x86.ActiveCfg = Debug|Any CPU
		{F914419C-A86A-487F-9757-8DF5151FAA77}.Release|Any CPU.ActiveCfg = Release|Any CPU
		{F914419C-A86A-487F-9757-8DF5151FAA77}.Release|Any CPU.Build.0 = Release|Any CPU
		{F914419C-A86A-487F-9757-8DF5151FAA77}.Release|Mixed Platforms.ActiveCfg = Release|Any CPU
		{F914419C-A86A-487F-9757-8DF5151FAA77}.Release|Mixed Platforms.Build.0 = Release|Any CPU
		{F914419C-A86A-487F-9757-8DF5151FAA77}.Release|x86.ActiveCfg = Release|Any CPU
		{64C3D391-3815-4125-9AEE-2C253B7A80A3}.Debug|Any CPU.ActiveCfg = Debug|Any CPU
		{64C3D391-3815-4125-9AEE-2C253B7A80A3}.Debug|Any CPU.Build.0 = Debug|Any CPU
		{64C3D391-3815-4125-9AEE-2C253B7A80A3}.Debug|Mixed Platforms.ActiveCfg = Debug|Any CPU
		{64C3D391-3815-4125-9AEE-2C253B7A80A3}.Debug|Mixed Platforms.Build.0 = Debug|Any CPU
		{64C3D391-3815-4125-9AEE-2C253B7A80A3}.Debug|x86.ActiveCfg = Debug|Any CPU
		{64C3D391-3815-4125-9AEE-2C253B7A80A3}.Release|Any CPU.ActiveCfg = Release|Any CPU
		{64C3D391-3815-4125-9AEE-2C253B7A80A3}.Release|Any CPU.Build.0 = Release|Any CPU
		{64C3D391-3815-4125-9AEE-2C253B7A80A3}.Release|Mixed Platforms.ActiveCfg = Release|Any CPU
		{64C3D391-3815-4125-9AEE-2C253B7A80A3}.Release|Mixed Platforms.Build.0 = Release|Any CPU
		{64C3D391-3815-4125-9AEE-2C253B7A80A3}.Release|x86.ActiveCfg = Release|Any CPU
		{F46363AA-C93C-4396-8C99-3C513EF3A875}.Debug|Any CPU.ActiveCfg = Debug|Any CPU
		{F46363AA-C93C-4396-8C99-3C513EF3A875}.Debug|Any CPU.Build.0 = Debug|Any CPU
		{F46363AA-C93C-4396-8C99-3C513EF3A875}.Debug|Mixed Platforms.ActiveCfg = Debug|Any CPU
		{F46363AA-C93C-4396-8C99-3C513EF3A875}.Debug|Mixed Platforms.Build.0 = Debug|Any CPU
		{F46363AA-C93C-4396-8C99-3C513EF3A875}.Debug|x86.ActiveCfg = Debug|Any CPU
		{F46363AA-C93C-4396-8C99-3C513EF3A875}.Release|Any CPU.ActiveCfg = Release|Any CPU
		{F46363AA-C93C-4396-8C99-3C513EF3A875}.Release|Any CPU.Build.0 = Release|Any CPU
		{F46363AA-C93C-4396-8C99-3C513EF3A875}.Release|Mixed Platforms.ActiveCfg = Release|Any CPU
		{F46363AA-C93C-4396-8C99-3C513EF3A875}.Release|Mixed Platforms.Build.0 = Release|Any CPU
		{F46363AA-C93C-4396-8C99-3C513EF3A875}.Release|x86.ActiveCfg = Release|Any CPU
		{602A785A-F8AC-47D5-9AA9-6DE52A97C74A}.Debug|Any CPU.ActiveCfg = Debug|Any CPU
		{602A785A-F8AC-47D5-9AA9-6DE52A97C74A}.Debug|Any CPU.Build.0 = Debug|Any CPU
		{602A785A-F8AC-47D5-9AA9-6DE52A97C74A}.Debug|Mixed Platforms.ActiveCfg = Debug|Any CPU
		{602A785A-F8AC-47D5-9AA9-6DE52A97C74A}.Debug|Mixed Platforms.Build.0 = Debug|Any CPU
		{602A785A-F8AC-47D5-9AA9-6DE52A97C74A}.Debug|x86.ActiveCfg = Debug|Any CPU
		{602A785A-F8AC-47D5-9AA9-6DE52A97C74A}.Release|Any CPU.ActiveCfg = Release|Any CPU
		{602A785A-F8AC-47D5-9AA9-6DE52A97C74A}.Release|Any CPU.Build.0 = Release|Any CPU
		{602A785A-F8AC-47D5-9AA9-6DE52A97C74A}.Release|Mixed Platforms.ActiveCfg = Release|Any CPU
		{602A785A-F8AC-47D5-9AA9-6DE52A97C74A}.Release|Mixed Platforms.Build.0 = Release|Any CPU
		{602A785A-F8AC-47D5-9AA9-6DE52A97C74A}.Release|x86.ActiveCfg = Release|Any CPU
		{98908D84-F1D0-49CB-AB27-03499035BA00}.Debug|Any CPU.ActiveCfg = Debug|Any CPU
		{98908D84-F1D0-49CB-AB27-03499035BA00}.Debug|Any CPU.Build.0 = Debug|Any CPU
		{98908D84-F1D0-49CB-AB27-03499035BA00}.Debug|Mixed Platforms.ActiveCfg = Debug|Any CPU
		{98908D84-F1D0-49CB-AB27-03499035BA00}.Debug|Mixed Platforms.Build.0 = Debug|Any CPU
		{98908D84-F1D0-49CB-AB27-03499035BA00}.Debug|x86.ActiveCfg = Debug|Any CPU
		{98908D84-F1D0-49CB-AB27-03499035BA00}.Release|Any CPU.ActiveCfg = Release|Any CPU
		{98908D84-F1D0-49CB-AB27-03499035BA00}.Release|Any CPU.Build.0 = Release|Any CPU
		{98908D84-F1D0-49CB-AB27-03499035BA00}.Release|Mixed Platforms.ActiveCfg = Release|Any CPU
		{98908D84-F1D0-49CB-AB27-03499035BA00}.Release|Mixed Platforms.Build.0 = Release|Any CPU
		{98908D84-F1D0-49CB-AB27-03499035BA00}.Release|x86.ActiveCfg = Release|Any CPU
		{52101286-444F-49E8-ADC8-28F884471DB7}.Debug|Any CPU.ActiveCfg = Debug|Any CPU
		{52101286-444F-49E8-ADC8-28F884471DB7}.Debug|Any CPU.Build.0 = Debug|Any CPU
		{52101286-444F-49E8-ADC8-28F884471DB7}.Debug|Mixed Platforms.ActiveCfg = Debug|Any CPU
		{52101286-444F-49E8-ADC8-28F884471DB7}.Debug|Mixed Platforms.Build.0 = Debug|Any CPU
		{52101286-444F-49E8-ADC8-28F884471DB7}.Debug|x86.ActiveCfg = Debug|Any CPU
		{52101286-444F-49E8-ADC8-28F884471DB7}.Release|Any CPU.ActiveCfg = Release|Any CPU
		{52101286-444F-49E8-ADC8-28F884471DB7}.Release|Any CPU.Build.0 = Release|Any CPU
		{52101286-444F-49E8-ADC8-28F884471DB7}.Release|Mixed Platforms.ActiveCfg = Release|Any CPU
		{52101286-444F-49E8-ADC8-28F884471DB7}.Release|Mixed Platforms.Build.0 = Release|Any CPU
		{52101286-444F-49E8-ADC8-28F884471DB7}.Release|x86.ActiveCfg = Release|Any CPU
		{46F8DB66-D3C6-4F12-B31B-60744ED3D840}.Debug|Any CPU.ActiveCfg = Debug|Any CPU
		{46F8DB66-D3C6-4F12-B31B-60744ED3D840}.Debug|Any CPU.Build.0 = Debug|Any CPU
		{46F8DB66-D3C6-4F12-B31B-60744ED3D840}.Debug|Mixed Platforms.ActiveCfg = Debug|Any CPU
		{46F8DB66-D3C6-4F12-B31B-60744ED3D840}.Debug|Mixed Platforms.Build.0 = Debug|Any CPU
		{46F8DB66-D3C6-4F12-B31B-60744ED3D840}.Debug|x86.ActiveCfg = Debug|Any CPU
		{46F8DB66-D3C6-4F12-B31B-60744ED3D840}.Release|Any CPU.ActiveCfg = Release|Any CPU
		{46F8DB66-D3C6-4F12-B31B-60744ED3D840}.Release|Any CPU.Build.0 = Release|Any CPU
		{46F8DB66-D3C6-4F12-B31B-60744ED3D840}.Release|Mixed Platforms.ActiveCfg = Release|Any CPU
		{46F8DB66-D3C6-4F12-B31B-60744ED3D840}.Release|Mixed Platforms.Build.0 = Release|Any CPU
		{46F8DB66-D3C6-4F12-B31B-60744ED3D840}.Release|x86.ActiveCfg = Release|Any CPU
		{DDB40CCE-A142-4911-8B48-6424B737D8F7}.Debug|Any CPU.ActiveCfg = Debug|Any CPU
		{DDB40CCE-A142-4911-8B48-6424B737D8F7}.Debug|Any CPU.Build.0 = Debug|Any CPU
		{DDB40CCE-A142-4911-8B48-6424B737D8F7}.Debug|Mixed Platforms.ActiveCfg = Debug|Any CPU
		{DDB40CCE-A142-4911-8B48-6424B737D8F7}.Debug|Mixed Platforms.Build.0 = Debug|Any CPU
		{DDB40CCE-A142-4911-8B48-6424B737D8F7}.Debug|x86.ActiveCfg = Debug|Any CPU
		{DDB40CCE-A142-4911-8B48-6424B737D8F7}.Release|Any CPU.ActiveCfg = Release|Any CPU
		{DDB40CCE-A142-4911-8B48-6424B737D8F7}.Release|Any CPU.Build.0 = Release|Any CPU
		{DDB40CCE-A142-4911-8B48-6424B737D8F7}.Release|Mixed Platforms.ActiveCfg = Release|Any CPU
		{DDB40CCE-A142-4911-8B48-6424B737D8F7}.Release|Mixed Platforms.Build.0 = Release|Any CPU
		{DDB40CCE-A142-4911-8B48-6424B737D8F7}.Release|x86.ActiveCfg = Release|Any CPU
		{BEFDA960-2EED-4D30-A2A6-36C0E899516E}.Debug|Any CPU.ActiveCfg = Debug|Any CPU
		{BEFDA960-2EED-4D30-A2A6-36C0E899516E}.Debug|Any CPU.Build.0 = Debug|Any CPU
		{BEFDA960-2EED-4D30-A2A6-36C0E899516E}.Debug|Mixed Platforms.ActiveCfg = Debug|Any CPU
		{BEFDA960-2EED-4D30-A2A6-36C0E899516E}.Debug|Mixed Platforms.Build.0 = Debug|Any CPU
		{BEFDA960-2EED-4D30-A2A6-36C0E899516E}.Debug|x86.ActiveCfg = Debug|Any CPU
		{BEFDA960-2EED-4D30-A2A6-36C0E899516E}.Release|Any CPU.ActiveCfg = Release|Any CPU
		{BEFDA960-2EED-4D30-A2A6-36C0E899516E}.Release|Any CPU.Build.0 = Release|Any CPU
		{BEFDA960-2EED-4D30-A2A6-36C0E899516E}.Release|Mixed Platforms.ActiveCfg = Release|Any CPU
		{BEFDA960-2EED-4D30-A2A6-36C0E899516E}.Release|Mixed Platforms.Build.0 = Release|Any CPU
		{BEFDA960-2EED-4D30-A2A6-36C0E899516E}.Release|x86.ActiveCfg = Release|Any CPU
		{E741FBBE-A033-44F2-B1F1-1E7F554ED6D4}.Debug|Any CPU.ActiveCfg = Debug|Any CPU
		{E741FBBE-A033-44F2-B1F1-1E7F554ED6D4}.Debug|Any CPU.Build.0 = Debug|Any CPU
		{E741FBBE-A033-44F2-B1F1-1E7F554ED6D4}.Debug|Mixed Platforms.ActiveCfg = Debug|Any CPU
		{E741FBBE-A033-44F2-B1F1-1E7F554ED6D4}.Debug|Mixed Platforms.Build.0 = Debug|Any CPU
		{E741FBBE-A033-44F2-B1F1-1E7F554ED6D4}.Debug|x86.ActiveCfg = Debug|Any CPU
		{E741FBBE-A033-44F2-B1F1-1E7F554ED6D4}.Release|Any CPU.ActiveCfg = Release|Any CPU
		{E741FBBE-A033-44F2-B1F1-1E7F554ED6D4}.Release|Any CPU.Build.0 = Release|Any CPU
		{E741FBBE-A033-44F2-B1F1-1E7F554ED6D4}.Release|Mixed Platforms.ActiveCfg = Release|Any CPU
		{E741FBBE-A033-44F2-B1F1-1E7F554ED6D4}.Release|Mixed Platforms.Build.0 = Release|Any CPU
		{E741FBBE-A033-44F2-B1F1-1E7F554ED6D4}.Release|x86.ActiveCfg = Release|Any CPU
		{9052AA7D-8CC7-49C3-AB84-ECB114E6BCA0}.Debug|Any CPU.ActiveCfg = Debug|Any CPU
		{9052AA7D-8CC7-49C3-AB84-ECB114E6BCA0}.Debug|Any CPU.Build.0 = Debug|Any CPU
		{9052AA7D-8CC7-49C3-AB84-ECB114E6BCA0}.Debug|Mixed Platforms.ActiveCfg = Debug|Any CPU
		{9052AA7D-8CC7-49C3-AB84-ECB114E6BCA0}.Debug|Mixed Platforms.Build.0 = Debug|Any CPU
		{9052AA7D-8CC7-49C3-AB84-ECB114E6BCA0}.Debug|x86.ActiveCfg = Debug|Any CPU
		{9052AA7D-8CC7-49C3-AB84-ECB114E6BCA0}.Release|Any CPU.ActiveCfg = Release|Any CPU
		{9052AA7D-8CC7-49C3-AB84-ECB114E6BCA0}.Release|Any CPU.Build.0 = Release|Any CPU
		{9052AA7D-8CC7-49C3-AB84-ECB114E6BCA0}.Release|Mixed Platforms.ActiveCfg = Release|Any CPU
		{9052AA7D-8CC7-49C3-AB84-ECB114E6BCA0}.Release|Mixed Platforms.Build.0 = Release|Any CPU
		{9052AA7D-8CC7-49C3-AB84-ECB114E6BCA0}.Release|x86.ActiveCfg = Release|Any CPU
		{52BC7ACA-764F-42CC-80DE-DA631FDB556A}.Debug|Any CPU.ActiveCfg = Debug|Any CPU
		{52BC7ACA-764F-42CC-80DE-DA631FDB556A}.Debug|Any CPU.Build.0 = Debug|Any CPU
		{52BC7ACA-764F-42CC-80DE-DA631FDB556A}.Debug|Mixed Platforms.ActiveCfg = Debug|Any CPU
		{52BC7ACA-764F-42CC-80DE-DA631FDB556A}.Debug|Mixed Platforms.Build.0 = Debug|Any CPU
		{52BC7ACA-764F-42CC-80DE-DA631FDB556A}.Debug|x86.ActiveCfg = Debug|Any CPU
		{52BC7ACA-764F-42CC-80DE-DA631FDB556A}.Release|Any CPU.ActiveCfg = Release|Any CPU
		{52BC7ACA-764F-42CC-80DE-DA631FDB556A}.Release|Any CPU.Build.0 = Release|Any CPU
		{52BC7ACA-764F-42CC-80DE-DA631FDB556A}.Release|Mixed Platforms.ActiveCfg = Release|Any CPU
		{52BC7ACA-764F-42CC-80DE-DA631FDB556A}.Release|Mixed Platforms.Build.0 = Release|Any CPU
		{52BC7ACA-764F-42CC-80DE-DA631FDB556A}.Release|x86.ActiveCfg = Release|Any CPU
		{14F42BE6-0FC1-4296-A82C-B85FE0C182B3}.Debug|Any CPU.ActiveCfg = Debug|Any CPU
		{14F42BE6-0FC1-4296-A82C-B85FE0C182B3}.Debug|Any CPU.Build.0 = Debug|Any CPU
		{14F42BE6-0FC1-4296-A82C-B85FE0C182B3}.Debug|Mixed Platforms.ActiveCfg = Debug|Any CPU
		{14F42BE6-0FC1-4296-A82C-B85FE0C182B3}.Debug|Mixed Platforms.Build.0 = Debug|Any CPU
		{14F42BE6-0FC1-4296-A82C-B85FE0C182B3}.Debug|x86.ActiveCfg = Debug|Any CPU
		{14F42BE6-0FC1-4296-A82C-B85FE0C182B3}.Release|Any CPU.ActiveCfg = Release|Any CPU
		{14F42BE6-0FC1-4296-A82C-B85FE0C182B3}.Release|Any CPU.Build.0 = Release|Any CPU
		{14F42BE6-0FC1-4296-A82C-B85FE0C182B3}.Release|Mixed Platforms.ActiveCfg = Release|Any CPU
		{14F42BE6-0FC1-4296-A82C-B85FE0C182B3}.Release|Mixed Platforms.Build.0 = Release|Any CPU
		{14F42BE6-0FC1-4296-A82C-B85FE0C182B3}.Release|x86.ActiveCfg = Release|Any CPU
		{4C6E427B-F6A3-408F-A50C-0B2C586D65EB}.Debug|Any CPU.ActiveCfg = Debug|Any CPU
		{4C6E427B-F6A3-408F-A50C-0B2C586D65EB}.Debug|Any CPU.Build.0 = Debug|Any CPU
		{4C6E427B-F6A3-408F-A50C-0B2C586D65EB}.Debug|Mixed Platforms.ActiveCfg = Debug|Any CPU
		{4C6E427B-F6A3-408F-A50C-0B2C586D65EB}.Debug|Mixed Platforms.Build.0 = Debug|Any CPU
		{4C6E427B-F6A3-408F-A50C-0B2C586D65EB}.Debug|x86.ActiveCfg = Debug|Any CPU
		{4C6E427B-F6A3-408F-A50C-0B2C586D65EB}.Release|Any CPU.ActiveCfg = Release|Any CPU
		{4C6E427B-F6A3-408F-A50C-0B2C586D65EB}.Release|Any CPU.Build.0 = Release|Any CPU
		{4C6E427B-F6A3-408F-A50C-0B2C586D65EB}.Release|Mixed Platforms.ActiveCfg = Release|Any CPU
		{4C6E427B-F6A3-408F-A50C-0B2C586D65EB}.Release|Mixed Platforms.Build.0 = Release|Any CPU
		{4C6E427B-F6A3-408F-A50C-0B2C586D65EB}.Release|x86.ActiveCfg = Release|Any CPU
		{B8F4F078-2ED3-4CCC-9CB3-708A69CEB4EB}.Debug|Any CPU.ActiveCfg = Debug|Any CPU
		{B8F4F078-2ED3-4CCC-9CB3-708A69CEB4EB}.Debug|Any CPU.Build.0 = Debug|Any CPU
		{B8F4F078-2ED3-4CCC-9CB3-708A69CEB4EB}.Debug|Mixed Platforms.ActiveCfg = Debug|Any CPU
		{B8F4F078-2ED3-4CCC-9CB3-708A69CEB4EB}.Debug|Mixed Platforms.Build.0 = Debug|Any CPU
		{B8F4F078-2ED3-4CCC-9CB3-708A69CEB4EB}.Debug|x86.ActiveCfg = Debug|Any CPU
		{B8F4F078-2ED3-4CCC-9CB3-708A69CEB4EB}.Release|Any CPU.ActiveCfg = Release|Any CPU
		{B8F4F078-2ED3-4CCC-9CB3-708A69CEB4EB}.Release|Any CPU.Build.0 = Release|Any CPU
		{B8F4F078-2ED3-4CCC-9CB3-708A69CEB4EB}.Release|Mixed Platforms.ActiveCfg = Release|Any CPU
		{B8F4F078-2ED3-4CCC-9CB3-708A69CEB4EB}.Release|Mixed Platforms.Build.0 = Release|Any CPU
		{B8F4F078-2ED3-4CCC-9CB3-708A69CEB4EB}.Release|x86.ActiveCfg = Release|Any CPU
		{794CB7BD-0D8B-4294-8B01-9D5EEB3C3018}.Debug|Any CPU.ActiveCfg = Debug|x86
		{794CB7BD-0D8B-4294-8B01-9D5EEB3C3018}.Debug|Mixed Platforms.ActiveCfg = Debug|x86
		{794CB7BD-0D8B-4294-8B01-9D5EEB3C3018}.Debug|Mixed Platforms.Build.0 = Debug|x86
		{794CB7BD-0D8B-4294-8B01-9D5EEB3C3018}.Debug|x86.ActiveCfg = Debug|x86
		{794CB7BD-0D8B-4294-8B01-9D5EEB3C3018}.Debug|x86.Build.0 = Debug|x86
		{794CB7BD-0D8B-4294-8B01-9D5EEB3C3018}.Release|Any CPU.ActiveCfg = Release|Any CPU
		{794CB7BD-0D8B-4294-8B01-9D5EEB3C3018}.Release|Mixed Platforms.ActiveCfg = Release|x86
		{794CB7BD-0D8B-4294-8B01-9D5EEB3C3018}.Release|Mixed Platforms.Build.0 = Release|x86
		{794CB7BD-0D8B-4294-8B01-9D5EEB3C3018}.Release|x86.ActiveCfg = Release|x86
		{794CB7BD-0D8B-4294-8B01-9D5EEB3C3018}.Release|x86.Build.0 = Release|x86
		{9FC437D2-362D-4898-8C9B-408B16406A0F}.Debug|Any CPU.ActiveCfg = Debug|Any CPU
		{9FC437D2-362D-4898-8C9B-408B16406A0F}.Debug|Any CPU.Build.0 = Debug|Any CPU
		{9FC437D2-362D-4898-8C9B-408B16406A0F}.Debug|Mixed Platforms.ActiveCfg = Debug|Any CPU
		{9FC437D2-362D-4898-8C9B-408B16406A0F}.Debug|Mixed Platforms.Build.0 = Debug|Any CPU
		{9FC437D2-362D-4898-8C9B-408B16406A0F}.Debug|x86.ActiveCfg = Debug|Any CPU
		{9FC437D2-362D-4898-8C9B-408B16406A0F}.Release|Any CPU.ActiveCfg = Release|Any CPU
		{9FC437D2-362D-4898-8C9B-408B16406A0F}.Release|Any CPU.Build.0 = Release|Any CPU
		{9FC437D2-362D-4898-8C9B-408B16406A0F}.Release|Mixed Platforms.ActiveCfg = Release|Any CPU
		{9FC437D2-362D-4898-8C9B-408B16406A0F}.Release|Mixed Platforms.Build.0 = Release|Any CPU
		{9FC437D2-362D-4898-8C9B-408B16406A0F}.Release|x86.ActiveCfg = Release|Any CPU
		{6E829E28-5519-4627-960D-12DD9162D156}.Debug|Any CPU.ActiveCfg = Debug|Any CPU
		{6E829E28-5519-4627-960D-12DD9162D156}.Debug|Any CPU.Build.0 = Debug|Any CPU
		{6E829E28-5519-4627-960D-12DD9162D156}.Debug|Mixed Platforms.ActiveCfg = Debug|Any CPU
		{6E829E28-5519-4627-960D-12DD9162D156}.Debug|Mixed Platforms.Build.0 = Debug|Any CPU
		{6E829E28-5519-4627-960D-12DD9162D156}.Debug|x86.ActiveCfg = Debug|Any CPU
		{6E829E28-5519-4627-960D-12DD9162D156}.Release|Any CPU.ActiveCfg = Release|Any CPU
		{6E829E28-5519-4627-960D-12DD9162D156}.Release|Any CPU.Build.0 = Release|Any CPU
		{6E829E28-5519-4627-960D-12DD9162D156}.Release|Mixed Platforms.ActiveCfg = Release|Any CPU
		{6E829E28-5519-4627-960D-12DD9162D156}.Release|Mixed Platforms.Build.0 = Release|Any CPU
		{6E829E28-5519-4627-960D-12DD9162D156}.Release|x86.ActiveCfg = Release|Any CPU
		{BB8D9BF9-12E7-40FF-BAE5-845D8927BB59}.Debug|Any CPU.ActiveCfg = Debug|Any CPU
		{BB8D9BF9-12E7-40FF-BAE5-845D8927BB59}.Debug|Any CPU.Build.0 = Debug|Any CPU
		{BB8D9BF9-12E7-40FF-BAE5-845D8927BB59}.Debug|Mixed Platforms.ActiveCfg = Debug|Any CPU
		{BB8D9BF9-12E7-40FF-BAE5-845D8927BB59}.Debug|Mixed Platforms.Build.0 = Debug|Any CPU
		{BB8D9BF9-12E7-40FF-BAE5-845D8927BB59}.Debug|x86.ActiveCfg = Debug|Any CPU
		{BB8D9BF9-12E7-40FF-BAE5-845D8927BB59}.Release|Any CPU.ActiveCfg = Release|Any CPU
		{BB8D9BF9-12E7-40FF-BAE5-845D8927BB59}.Release|Any CPU.Build.0 = Release|Any CPU
		{BB8D9BF9-12E7-40FF-BAE5-845D8927BB59}.Release|Mixed Platforms.ActiveCfg = Release|Any CPU
		{BB8D9BF9-12E7-40FF-BAE5-845D8927BB59}.Release|Mixed Platforms.Build.0 = Release|Any CPU
		{BB8D9BF9-12E7-40FF-BAE5-845D8927BB59}.Release|x86.ActiveCfg = Release|Any CPU
		{41FF9542-D13F-4F69-85B3-A435ADF58243}.Debug|Any CPU.ActiveCfg = Debug|Any CPU
		{41FF9542-D13F-4F69-85B3-A435ADF58243}.Debug|Any CPU.Build.0 = Debug|Any CPU
		{41FF9542-D13F-4F69-85B3-A435ADF58243}.Debug|Mixed Platforms.ActiveCfg = Debug|Any CPU
		{41FF9542-D13F-4F69-85B3-A435ADF58243}.Debug|Mixed Platforms.Build.0 = Debug|Any CPU
		{41FF9542-D13F-4F69-85B3-A435ADF58243}.Debug|x86.ActiveCfg = Debug|Any CPU
		{41FF9542-D13F-4F69-85B3-A435ADF58243}.Release|Any CPU.ActiveCfg = Release|Any CPU
		{41FF9542-D13F-4F69-85B3-A435ADF58243}.Release|Any CPU.Build.0 = Release|Any CPU
		{41FF9542-D13F-4F69-85B3-A435ADF58243}.Release|Mixed Platforms.ActiveCfg = Release|Any CPU
		{41FF9542-D13F-4F69-85B3-A435ADF58243}.Release|Mixed Platforms.Build.0 = Release|Any CPU
		{41FF9542-D13F-4F69-85B3-A435ADF58243}.Release|x86.ActiveCfg = Release|Any CPU
		{60EFAB0A-6A13-4E2A-90DF-064DCB6526D2}.Debug|Any CPU.ActiveCfg = Debug|Any CPU
		{60EFAB0A-6A13-4E2A-90DF-064DCB6526D2}.Debug|Any CPU.Build.0 = Debug|Any CPU
		{60EFAB0A-6A13-4E2A-90DF-064DCB6526D2}.Debug|Mixed Platforms.ActiveCfg = Debug|Any CPU
		{60EFAB0A-6A13-4E2A-90DF-064DCB6526D2}.Debug|Mixed Platforms.Build.0 = Debug|Any CPU
		{60EFAB0A-6A13-4E2A-90DF-064DCB6526D2}.Debug|x86.ActiveCfg = Debug|Any CPU
		{60EFAB0A-6A13-4E2A-90DF-064DCB6526D2}.Release|Any CPU.ActiveCfg = Release|Any CPU
		{60EFAB0A-6A13-4E2A-90DF-064DCB6526D2}.Release|Any CPU.Build.0 = Release|Any CPU
		{60EFAB0A-6A13-4E2A-90DF-064DCB6526D2}.Release|Mixed Platforms.ActiveCfg = Release|Any CPU
		{60EFAB0A-6A13-4E2A-90DF-064DCB6526D2}.Release|Mixed Platforms.Build.0 = Release|Any CPU
		{60EFAB0A-6A13-4E2A-90DF-064DCB6526D2}.Release|x86.ActiveCfg = Release|Any CPU
		{69F03A94-4D45-4682-9796-648C752F95E6}.Debug|Any CPU.ActiveCfg = Debug|Any CPU
		{69F03A94-4D45-4682-9796-648C752F95E6}.Debug|Any CPU.Build.0 = Debug|Any CPU
		{69F03A94-4D45-4682-9796-648C752F95E6}.Debug|Mixed Platforms.ActiveCfg = Debug|Any CPU
		{69F03A94-4D45-4682-9796-648C752F95E6}.Debug|Mixed Platforms.Build.0 = Debug|Any CPU
		{69F03A94-4D45-4682-9796-648C752F95E6}.Debug|x86.ActiveCfg = Debug|Any CPU
		{69F03A94-4D45-4682-9796-648C752F95E6}.Release|Any CPU.ActiveCfg = Release|Any CPU
		{69F03A94-4D45-4682-9796-648C752F95E6}.Release|Any CPU.Build.0 = Release|Any CPU
		{69F03A94-4D45-4682-9796-648C752F95E6}.Release|Mixed Platforms.ActiveCfg = Release|Any CPU
		{69F03A94-4D45-4682-9796-648C752F95E6}.Release|Mixed Platforms.Build.0 = Release|Any CPU
		{69F03A94-4D45-4682-9796-648C752F95E6}.Release|x86.ActiveCfg = Release|Any CPU
		{23635A8E-745F-45D6-A4C7-31B67DA175E2}.Debug|Any CPU.ActiveCfg = Debug|Any CPU
		{23635A8E-745F-45D6-A4C7-31B67DA175E2}.Debug|Any CPU.Build.0 = Debug|Any CPU
		{23635A8E-745F-45D6-A4C7-31B67DA175E2}.Debug|Mixed Platforms.ActiveCfg = Debug|Any CPU
		{23635A8E-745F-45D6-A4C7-31B67DA175E2}.Debug|Mixed Platforms.Build.0 = Debug|Any CPU
		{23635A8E-745F-45D6-A4C7-31B67DA175E2}.Debug|x86.ActiveCfg = Debug|Any CPU
		{23635A8E-745F-45D6-A4C7-31B67DA175E2}.Release|Any CPU.ActiveCfg = Release|Any CPU
		{23635A8E-745F-45D6-A4C7-31B67DA175E2}.Release|Any CPU.Build.0 = Release|Any CPU
		{23635A8E-745F-45D6-A4C7-31B67DA175E2}.Release|Mixed Platforms.ActiveCfg = Release|Any CPU
		{23635A8E-745F-45D6-A4C7-31B67DA175E2}.Release|Mixed Platforms.Build.0 = Release|Any CPU
		{23635A8E-745F-45D6-A4C7-31B67DA175E2}.Release|x86.ActiveCfg = Release|Any CPU
		{243C3D53-8C51-469E-88E1-9623A3D8292B}.Debug|Any CPU.ActiveCfg = Debug|Any CPU
		{243C3D53-8C51-469E-88E1-9623A3D8292B}.Debug|Any CPU.Build.0 = Debug|Any CPU
		{243C3D53-8C51-469E-88E1-9623A3D8292B}.Debug|Mixed Platforms.ActiveCfg = Debug|Any CPU
		{243C3D53-8C51-469E-88E1-9623A3D8292B}.Debug|Mixed Platforms.Build.0 = Debug|Any CPU
		{243C3D53-8C51-469E-88E1-9623A3D8292B}.Debug|x86.ActiveCfg = Debug|Any CPU
		{243C3D53-8C51-469E-88E1-9623A3D8292B}.Release|Any CPU.ActiveCfg = Release|Any CPU
		{243C3D53-8C51-469E-88E1-9623A3D8292B}.Release|Any CPU.Build.0 = Release|Any CPU
		{243C3D53-8C51-469E-88E1-9623A3D8292B}.Release|Mixed Platforms.ActiveCfg = Release|Any CPU
		{243C3D53-8C51-469E-88E1-9623A3D8292B}.Release|Mixed Platforms.Build.0 = Release|Any CPU
		{243C3D53-8C51-469E-88E1-9623A3D8292B}.Release|x86.ActiveCfg = Release|Any CPU
		{426D597E-4276-41D2-BE84-D1229501A51A}.Debug|Any CPU.ActiveCfg = Debug|Any CPU
		{426D597E-4276-41D2-BE84-D1229501A51A}.Debug|Any CPU.Build.0 = Debug|Any CPU
		{426D597E-4276-41D2-BE84-D1229501A51A}.Debug|Mixed Platforms.ActiveCfg = Debug|Any CPU
		{426D597E-4276-41D2-BE84-D1229501A51A}.Debug|Mixed Platforms.Build.0 = Debug|Any CPU
		{426D597E-4276-41D2-BE84-D1229501A51A}.Debug|x86.ActiveCfg = Debug|Any CPU
		{426D597E-4276-41D2-BE84-D1229501A51A}.Release|Any CPU.ActiveCfg = Release|Any CPU
		{426D597E-4276-41D2-BE84-D1229501A51A}.Release|Any CPU.Build.0 = Release|Any CPU
		{426D597E-4276-41D2-BE84-D1229501A51A}.Release|Mixed Platforms.ActiveCfg = Release|Any CPU
		{426D597E-4276-41D2-BE84-D1229501A51A}.Release|Mixed Platforms.Build.0 = Release|Any CPU
		{426D597E-4276-41D2-BE84-D1229501A51A}.Release|x86.ActiveCfg = Release|Any CPU
		{66988C68-E8CC-46A6-AD78-3A47AB1D4C0F}.Debug|Any CPU.ActiveCfg = Debug|Any CPU
		{66988C68-E8CC-46A6-AD78-3A47AB1D4C0F}.Debug|Any CPU.Build.0 = Debug|Any CPU
		{66988C68-E8CC-46A6-AD78-3A47AB1D4C0F}.Debug|Mixed Platforms.ActiveCfg = Debug|Any CPU
		{66988C68-E8CC-46A6-AD78-3A47AB1D4C0F}.Debug|Mixed Platforms.Build.0 = Debug|Any CPU
		{66988C68-E8CC-46A6-AD78-3A47AB1D4C0F}.Debug|x86.ActiveCfg = Debug|Any CPU
		{66988C68-E8CC-46A6-AD78-3A47AB1D4C0F}.Release|Any CPU.ActiveCfg = Release|Any CPU
		{66988C68-E8CC-46A6-AD78-3A47AB1D4C0F}.Release|Any CPU.Build.0 = Release|Any CPU
		{66988C68-E8CC-46A6-AD78-3A47AB1D4C0F}.Release|Mixed Platforms.ActiveCfg = Release|Any CPU
		{66988C68-E8CC-46A6-AD78-3A47AB1D4C0F}.Release|Mixed Platforms.Build.0 = Release|Any CPU
		{66988C68-E8CC-46A6-AD78-3A47AB1D4C0F}.Release|x86.ActiveCfg = Release|Any CPU
		{6AB54671-504F-46FC-9CBE-B56E08D409A0}.Debug|Any CPU.ActiveCfg = Debug|Any CPU
		{6AB54671-504F-46FC-9CBE-B56E08D409A0}.Debug|Any CPU.Build.0 = Debug|Any CPU
		{6AB54671-504F-46FC-9CBE-B56E08D409A0}.Debug|Mixed Platforms.ActiveCfg = Debug|Any CPU
		{6AB54671-504F-46FC-9CBE-B56E08D409A0}.Debug|Mixed Platforms.Build.0 = Debug|Any CPU
		{6AB54671-504F-46FC-9CBE-B56E08D409A0}.Debug|x86.ActiveCfg = Debug|Any CPU
		{6AB54671-504F-46FC-9CBE-B56E08D409A0}.Release|Any CPU.ActiveCfg = Release|Any CPU
		{6AB54671-504F-46FC-9CBE-B56E08D409A0}.Release|Any CPU.Build.0 = Release|Any CPU
		{6AB54671-504F-46FC-9CBE-B56E08D409A0}.Release|Mixed Platforms.ActiveCfg = Release|Any CPU
		{6AB54671-504F-46FC-9CBE-B56E08D409A0}.Release|Mixed Platforms.Build.0 = Release|Any CPU
		{6AB54671-504F-46FC-9CBE-B56E08D409A0}.Release|x86.ActiveCfg = Release|Any CPU
		{4979BF56-D21F-41EE-A218-E7D33F82236C}.Debug|Any CPU.ActiveCfg = Debug|Any CPU
		{4979BF56-D21F-41EE-A218-E7D33F82236C}.Debug|Any CPU.Build.0 = Debug|Any CPU
		{4979BF56-D21F-41EE-A218-E7D33F82236C}.Debug|Mixed Platforms.ActiveCfg = Debug|Any CPU
		{4979BF56-D21F-41EE-A218-E7D33F82236C}.Debug|Mixed Platforms.Build.0 = Debug|Any CPU
		{4979BF56-D21F-41EE-A218-E7D33F82236C}.Debug|x86.ActiveCfg = Debug|Any CPU
		{4979BF56-D21F-41EE-A218-E7D33F82236C}.Release|Any CPU.ActiveCfg = Release|Any CPU
		{4979BF56-D21F-41EE-A218-E7D33F82236C}.Release|Any CPU.Build.0 = Release|Any CPU
		{4979BF56-D21F-41EE-A218-E7D33F82236C}.Release|Mixed Platforms.ActiveCfg = Release|Any CPU
		{4979BF56-D21F-41EE-A218-E7D33F82236C}.Release|Mixed Platforms.Build.0 = Release|Any CPU
		{4979BF56-D21F-41EE-A218-E7D33F82236C}.Release|x86.ActiveCfg = Release|Any CPU
		{9CE20073-8CED-498D-BD31-EE3FF7B7AA1A}.Debug|Any CPU.ActiveCfg = Debug|Any CPU
		{9CE20073-8CED-498D-BD31-EE3FF7B7AA1A}.Debug|Any CPU.Build.0 = Debug|Any CPU
		{9CE20073-8CED-498D-BD31-EE3FF7B7AA1A}.Debug|Mixed Platforms.ActiveCfg = Debug|Any CPU
		{9CE20073-8CED-498D-BD31-EE3FF7B7AA1A}.Debug|Mixed Platforms.Build.0 = Debug|Any CPU
		{9CE20073-8CED-498D-BD31-EE3FF7B7AA1A}.Debug|x86.ActiveCfg = Debug|Any CPU
		{9CE20073-8CED-498D-BD31-EE3FF7B7AA1A}.Release|Any CPU.ActiveCfg = Release|Any CPU
		{9CE20073-8CED-498D-BD31-EE3FF7B7AA1A}.Release|Any CPU.Build.0 = Release|Any CPU
		{9CE20073-8CED-498D-BD31-EE3FF7B7AA1A}.Release|Mixed Platforms.ActiveCfg = Release|Any CPU
		{9CE20073-8CED-498D-BD31-EE3FF7B7AA1A}.Release|Mixed Platforms.Build.0 = Release|Any CPU
		{9CE20073-8CED-498D-BD31-EE3FF7B7AA1A}.Release|x86.ActiveCfg = Release|Any CPU
	EndGlobalSection
	GlobalSection(SolutionProperties) = preSolution
		HideSolutionNode = FALSE
	EndGlobalSection
	GlobalSection(NestedProjects) = preSolution
		{9FC437D2-362D-4898-8C9B-408B16406A0F} = {78994EE7-638E-4217-8C28-E12F8E98BE31}
		{6E829E28-5519-4627-960D-12DD9162D156} = {78994EE7-638E-4217-8C28-E12F8E98BE31}
		{BB8D9BF9-12E7-40FF-BAE5-845D8927BB59} = {78994EE7-638E-4217-8C28-E12F8E98BE31}
		{41FF9542-D13F-4F69-85B3-A435ADF58243} = {78994EE7-638E-4217-8C28-E12F8E98BE31}
		{60EFAB0A-6A13-4E2A-90DF-064DCB6526D2} = {78994EE7-638E-4217-8C28-E12F8E98BE31}
		{69F03A94-4D45-4682-9796-648C752F95E6} = {78994EE7-638E-4217-8C28-E12F8E98BE31}
		{23635A8E-745F-45D6-A4C7-31B67DA175E2} = {78994EE7-638E-4217-8C28-E12F8E98BE31}
		{243C3D53-8C51-469E-88E1-9623A3D8292B} = {78994EE7-638E-4217-8C28-E12F8E98BE31}
		{426D597E-4276-41D2-BE84-D1229501A51A} = {78994EE7-638E-4217-8C28-E12F8E98BE31}
		{66988C68-E8CC-46A6-AD78-3A47AB1D4C0F} = {5CFEF42B-4012-4460-BB16-8D0916785E8B}
		{6AB54671-504F-46FC-9CBE-B56E08D409A0} = {5CFEF42B-4012-4460-BB16-8D0916785E8B}
		{4979BF56-D21F-41EE-A218-E7D33F82236C} = {5CFEF42B-4012-4460-BB16-8D0916785E8B}
		{9CE20073-8CED-498D-BD31-EE3FF7B7AA1A} = {5CFEF42B-4012-4460-BB16-8D0916785E8B}
	EndGlobalSection
EndGlobal
