
Microsoft Visual Studio Solution File, Format Version 11.00
# Visual Studio 2010
Project("{2150E333-8FDC-42A3-9474-1A3956D46DE8}") = "Targering", "Targering", "{3ED827C9-3896-4F5C-AC9A-7516D531C209}"
EndProject
Project("{FAE04EC0-301F-11D3-BF4B-00C04F79EFBC}") = "TopDown.Core", "..\..\..\top-down\TopDown.Core\TopDown.Core.csproj", "{BB8D9BF9-12E7-40FF-BAE5-845D8927BB59}"
EndProject
Project("{FAE04EC0-301F-11D3-BF4B-00C04F79EFBC}") = "TopDown.FacingClient", "..\..\..\top-down\TopDown.FacingClient\TopDown.FacingClient.csproj", "{6E829E28-5519-4627-960D-12DD9162D156}"
EndProject
Project("{FAE04EC0-301F-11D3-BF4B-00C04F79EFBC}") = "Aims.Expressions", "..\..\..\top-down\TopDown.Expressions\Aims.Expressions.csproj", "{9FC437D2-362D-4898-8C9B-408B16406A0F}"
EndProject
Project("{FAE04EC0-301F-11D3-BF4B-00C04F79EFBC}") = "GreenField.Targeting.App", "Greenfield.Targeting.App\GreenField.Targeting.App.csproj", "{7C2FBBA3-4BA9-48E5-994E-CE763526D9B8}"
EndProject
Project("{FAE04EC0-301F-11D3-BF4B-00C04F79EFBC}") = "TopDown.Web", "..\..\..\top-down\TopDown.Web\TopDown.Web.csproj", "{12D40C3D-2B2D-4778-A496-F237D64B2E3B}"
EndProject
Project("{FAE04EC0-301F-11D3-BF4B-00C04F79EFBC}") = "GreenField.Targeting.Only", "GreenField.Targeting.Only\GreenField.Targeting.Only.csproj", "{41FF9542-D13F-4F69-85B3-A435ADF58243}"
	ProjectSection(ProjectDependencies) = postProject
		{BC9E1455-BABD-4365-A608-7041BBB31FB1} = {BC9E1455-BABD-4365-A608-7041BBB31FB1}
	EndProjectSection
EndProject
Project("{FAE04EC0-301F-11D3-BF4B-00C04F79EFBC}") = "GreenField.Targeting.Backend", "GreenField.Targeting.Backend\GreenField.Targeting.Backend.csproj", "{BC9E1455-BABD-4365-A608-7041BBB31FB1}"
EndProject
Global
	GlobalSection(SolutionConfigurationPlatforms) = preSolution
		Debug|Any CPU = Debug|Any CPU
		Debug|Mixed Platforms = Debug|Mixed Platforms
		Debug|x86 = Debug|x86
		Release|Any CPU = Release|Any CPU
		Release|Mixed Platforms = Release|Mixed Platforms
		Release|x86 = Release|x86
		Targeting|Any CPU = Targeting|Any CPU
		Targeting|Mixed Platforms = Targeting|Mixed Platforms
		Targeting|x86 = Targeting|x86
	EndGlobalSection
	GlobalSection(ProjectConfigurationPlatforms) = postSolution
		{BB8D9BF9-12E7-40FF-BAE5-845D8927BB59}.Debug|Any CPU.ActiveCfg = Debug|x86
		{BB8D9BF9-12E7-40FF-BAE5-845D8927BB59}.Debug|Any CPU.Build.0 = Debug|x86
		{BB8D9BF9-12E7-40FF-BAE5-845D8927BB59}.Debug|Mixed Platforms.ActiveCfg = Debug|x86
		{BB8D9BF9-12E7-40FF-BAE5-845D8927BB59}.Debug|Mixed Platforms.Build.0 = Debug|x86
		{BB8D9BF9-12E7-40FF-BAE5-845D8927BB59}.Debug|x86.ActiveCfg = Debug|x86
		{BB8D9BF9-12E7-40FF-BAE5-845D8927BB59}.Debug|x86.Build.0 = Debug|x86
		{BB8D9BF9-12E7-40FF-BAE5-845D8927BB59}.Release|Any CPU.ActiveCfg = Release|x86
		{BB8D9BF9-12E7-40FF-BAE5-845D8927BB59}.Release|Mixed Platforms.ActiveCfg = Release|x86
		{BB8D9BF9-12E7-40FF-BAE5-845D8927BB59}.Release|Mixed Platforms.Build.0 = Release|x86
		{BB8D9BF9-12E7-40FF-BAE5-845D8927BB59}.Release|x86.ActiveCfg = Release|x86
		{BB8D9BF9-12E7-40FF-BAE5-845D8927BB59}.Release|x86.Build.0 = Release|x86
		{BB8D9BF9-12E7-40FF-BAE5-845D8927BB59}.Targeting|Any CPU.ActiveCfg = Targeting|x86
		{BB8D9BF9-12E7-40FF-BAE5-845D8927BB59}.Targeting|Any CPU.Build.0 = Targeting|x86
		{BB8D9BF9-12E7-40FF-BAE5-845D8927BB59}.Targeting|Mixed Platforms.ActiveCfg = Targeting|x86
		{BB8D9BF9-12E7-40FF-BAE5-845D8927BB59}.Targeting|Mixed Platforms.Build.0 = Targeting|x86
		{BB8D9BF9-12E7-40FF-BAE5-845D8927BB59}.Targeting|x86.ActiveCfg = Targeting|x86
		{6E829E28-5519-4627-960D-12DD9162D156}.Debug|Any CPU.ActiveCfg = Debug|Any CPU
		{6E829E28-5519-4627-960D-12DD9162D156}.Debug|Any CPU.Build.0 = Debug|Any CPU
		{6E829E28-5519-4627-960D-12DD9162D156}.Debug|Mixed Platforms.ActiveCfg = Debug|Any CPU
		{6E829E28-5519-4627-960D-12DD9162D156}.Debug|Mixed Platforms.Build.0 = Debug|Any CPU
		{6E829E28-5519-4627-960D-12DD9162D156}.Debug|x86.ActiveCfg = Debug|Any CPU
		{6E829E28-5519-4627-960D-12DD9162D156}.Release|Any CPU.ActiveCfg = Release|Any CPU
		{6E829E28-5519-4627-960D-12DD9162D156}.Release|Any CPU.Build.0 = Release|Any CPU
		{6E829E28-5519-4627-960D-12DD9162D156}.Release|Mixed Platforms.ActiveCfg = Release|Any CPU
		{6E829E28-5519-4627-960D-12DD9162D156}.Release|Mixed Platforms.Build.0 = Release|Any CPU
		{6E829E28-5519-4627-960D-12DD9162D156}.Release|x86.ActiveCfg = Release|Any CPU
		{6E829E28-5519-4627-960D-12DD9162D156}.Targeting|Any CPU.ActiveCfg = Targeting|Any CPU
		{6E829E28-5519-4627-960D-12DD9162D156}.Targeting|Any CPU.Build.0 = Targeting|Any CPU
		{6E829E28-5519-4627-960D-12DD9162D156}.Targeting|Mixed Platforms.ActiveCfg = Targeting|Any CPU
		{6E829E28-5519-4627-960D-12DD9162D156}.Targeting|Mixed Platforms.Build.0 = Targeting|Any CPU
		{6E829E28-5519-4627-960D-12DD9162D156}.Targeting|x86.ActiveCfg = Targeting|Any CPU
		{9FC437D2-362D-4898-8C9B-408B16406A0F}.Debug|Any CPU.ActiveCfg = Debug|Any CPU
		{9FC437D2-362D-4898-8C9B-408B16406A0F}.Debug|Any CPU.Build.0 = Debug|Any CPU
		{9FC437D2-362D-4898-8C9B-408B16406A0F}.Debug|Mixed Platforms.ActiveCfg = Debug|Any CPU
		{9FC437D2-362D-4898-8C9B-408B16406A0F}.Debug|Mixed Platforms.Build.0 = Debug|Any CPU
		{9FC437D2-362D-4898-8C9B-408B16406A0F}.Debug|x86.ActiveCfg = Debug|Any CPU
		{9FC437D2-362D-4898-8C9B-408B16406A0F}.Release|Any CPU.ActiveCfg = Release|Any CPU
		{9FC437D2-362D-4898-8C9B-408B16406A0F}.Release|Any CPU.Build.0 = Release|Any CPU
		{9FC437D2-362D-4898-8C9B-408B16406A0F}.Release|Mixed Platforms.ActiveCfg = Release|Any CPU
		{9FC437D2-362D-4898-8C9B-408B16406A0F}.Release|Mixed Platforms.Build.0 = Release|Any CPU
		{9FC437D2-362D-4898-8C9B-408B16406A0F}.Release|x86.ActiveCfg = Release|Any CPU
		{9FC437D2-362D-4898-8C9B-408B16406A0F}.Targeting|Any CPU.ActiveCfg = Targeting|Any CPU
		{9FC437D2-362D-4898-8C9B-408B16406A0F}.Targeting|Any CPU.Build.0 = Targeting|Any CPU
		{9FC437D2-362D-4898-8C9B-408B16406A0F}.Targeting|Mixed Platforms.ActiveCfg = Targeting|Any CPU
		{9FC437D2-362D-4898-8C9B-408B16406A0F}.Targeting|Mixed Platforms.Build.0 = Targeting|Any CPU
		{9FC437D2-362D-4898-8C9B-408B16406A0F}.Targeting|x86.ActiveCfg = Targeting|Any CPU
		{7C2FBBA3-4BA9-48E5-994E-CE763526D9B8}.Debug|Any CPU.ActiveCfg = Debug|Any CPU
		{7C2FBBA3-4BA9-48E5-994E-CE763526D9B8}.Debug|Any CPU.Build.0 = Debug|Any CPU
		{7C2FBBA3-4BA9-48E5-994E-CE763526D9B8}.Debug|Mixed Platforms.ActiveCfg = Debug|Any CPU
		{7C2FBBA3-4BA9-48E5-994E-CE763526D9B8}.Debug|Mixed Platforms.Build.0 = Debug|Any CPU
		{7C2FBBA3-4BA9-48E5-994E-CE763526D9B8}.Debug|x86.ActiveCfg = Debug|Any CPU
		{7C2FBBA3-4BA9-48E5-994E-CE763526D9B8}.Release|Any CPU.ActiveCfg = Release|Any CPU
		{7C2FBBA3-4BA9-48E5-994E-CE763526D9B8}.Release|Any CPU.Build.0 = Release|Any CPU
		{7C2FBBA3-4BA9-48E5-994E-CE763526D9B8}.Release|Mixed Platforms.ActiveCfg = Release|Any CPU
		{7C2FBBA3-4BA9-48E5-994E-CE763526D9B8}.Release|Mixed Platforms.Build.0 = Release|Any CPU
		{7C2FBBA3-4BA9-48E5-994E-CE763526D9B8}.Release|x86.ActiveCfg = Release|Any CPU
		{7C2FBBA3-4BA9-48E5-994E-CE763526D9B8}.Targeting|Any CPU.ActiveCfg = Release|Any CPU
		{7C2FBBA3-4BA9-48E5-994E-CE763526D9B8}.Targeting|Any CPU.Build.0 = Release|Any CPU
		{7C2FBBA3-4BA9-48E5-994E-CE763526D9B8}.Targeting|Mixed Platforms.ActiveCfg = Release|Any CPU
		{7C2FBBA3-4BA9-48E5-994E-CE763526D9B8}.Targeting|Mixed Platforms.Build.0 = Release|Any CPU
		{7C2FBBA3-4BA9-48E5-994E-CE763526D9B8}.Targeting|x86.ActiveCfg = Release|Any CPU
		{12D40C3D-2B2D-4778-A496-F237D64B2E3B}.Debug|Any CPU.ActiveCfg = Debug|Any CPU
		{12D40C3D-2B2D-4778-A496-F237D64B2E3B}.Debug|Any CPU.Build.0 = Debug|Any CPU
		{12D40C3D-2B2D-4778-A496-F237D64B2E3B}.Debug|Mixed Platforms.ActiveCfg = Debug|Any CPU
		{12D40C3D-2B2D-4778-A496-F237D64B2E3B}.Debug|Mixed Platforms.Build.0 = Debug|Any CPU
		{12D40C3D-2B2D-4778-A496-F237D64B2E3B}.Debug|x86.ActiveCfg = Debug|Any CPU
		{12D40C3D-2B2D-4778-A496-F237D64B2E3B}.Release|Any CPU.ActiveCfg = Release|Any CPU
		{12D40C3D-2B2D-4778-A496-F237D64B2E3B}.Release|Any CPU.Build.0 = Release|Any CPU
		{12D40C3D-2B2D-4778-A496-F237D64B2E3B}.Release|Mixed Platforms.ActiveCfg = Release|Any CPU
		{12D40C3D-2B2D-4778-A496-F237D64B2E3B}.Release|Mixed Platforms.Build.0 = Release|Any CPU
		{12D40C3D-2B2D-4778-A496-F237D64B2E3B}.Release|x86.ActiveCfg = Release|Any CPU
		{12D40C3D-2B2D-4778-A496-F237D64B2E3B}.Targeting|Any CPU.ActiveCfg = Release|Any CPU
		{12D40C3D-2B2D-4778-A496-F237D64B2E3B}.Targeting|Any CPU.Build.0 = Release|Any CPU
		{12D40C3D-2B2D-4778-A496-F237D64B2E3B}.Targeting|Mixed Platforms.ActiveCfg = Release|Any CPU
		{12D40C3D-2B2D-4778-A496-F237D64B2E3B}.Targeting|Mixed Platforms.Build.0 = Release|Any CPU
		{12D40C3D-2B2D-4778-A496-F237D64B2E3B}.Targeting|x86.ActiveCfg = Release|Any CPU
		{41FF9542-D13F-4F69-85B3-A435ADF58243}.Debug|Any CPU.ActiveCfg = Debug|Any CPU
		{41FF9542-D13F-4F69-85B3-A435ADF58243}.Debug|Any CPU.Build.0 = Debug|Any CPU
		{41FF9542-D13F-4F69-85B3-A435ADF58243}.Debug|Mixed Platforms.ActiveCfg = Debug|Any CPU
		{41FF9542-D13F-4F69-85B3-A435ADF58243}.Debug|Mixed Platforms.Build.0 = Debug|Any CPU
		{41FF9542-D13F-4F69-85B3-A435ADF58243}.Debug|x86.ActiveCfg = Debug|Any CPU
		{41FF9542-D13F-4F69-85B3-A435ADF58243}.Release|Any CPU.ActiveCfg = Release|Any CPU
		{41FF9542-D13F-4F69-85B3-A435ADF58243}.Release|Any CPU.Build.0 = Release|Any CPU
		{41FF9542-D13F-4F69-85B3-A435ADF58243}.Release|Mixed Platforms.ActiveCfg = Release|Any CPU
		{41FF9542-D13F-4F69-85B3-A435ADF58243}.Release|Mixed Platforms.Build.0 = Release|Any CPU
		{41FF9542-D13F-4F69-85B3-A435ADF58243}.Release|x86.ActiveCfg = Release|Any CPU
		{41FF9542-D13F-4F69-85B3-A435ADF58243}.Targeting|Any CPU.ActiveCfg = Release|Any CPU
		{41FF9542-D13F-4F69-85B3-A435ADF58243}.Targeting|Any CPU.Build.0 = Release|Any CPU
		{41FF9542-D13F-4F69-85B3-A435ADF58243}.Targeting|Mixed Platforms.ActiveCfg = Release|Any CPU
		{41FF9542-D13F-4F69-85B3-A435ADF58243}.Targeting|Mixed Platforms.Build.0 = Release|Any CPU
		{41FF9542-D13F-4F69-85B3-A435ADF58243}.Targeting|x86.ActiveCfg = Release|Any CPU
		{BC9E1455-BABD-4365-A608-7041BBB31FB1}.Debug|Any CPU.ActiveCfg = Debug|Any CPU
		{BC9E1455-BABD-4365-A608-7041BBB31FB1}.Debug|Any CPU.Build.0 = Debug|Any CPU
		{BC9E1455-BABD-4365-A608-7041BBB31FB1}.Debug|Mixed Platforms.ActiveCfg = Debug|Any CPU
		{BC9E1455-BABD-4365-A608-7041BBB31FB1}.Debug|Mixed Platforms.Build.0 = Debug|Any CPU
		{BC9E1455-BABD-4365-A608-7041BBB31FB1}.Debug|x86.ActiveCfg = Debug|Any CPU
		{BC9E1455-BABD-4365-A608-7041BBB31FB1}.Release|Any CPU.ActiveCfg = Release|Any CPU
		{BC9E1455-BABD-4365-A608-7041BBB31FB1}.Release|Any CPU.Build.0 = Release|Any CPU
		{BC9E1455-BABD-4365-A608-7041BBB31FB1}.Release|Mixed Platforms.ActiveCfg = Release|Any CPU
		{BC9E1455-BABD-4365-A608-7041BBB31FB1}.Release|Mixed Platforms.Build.0 = Release|Any CPU
		{BC9E1455-BABD-4365-A608-7041BBB31FB1}.Release|x86.ActiveCfg = Release|Any CPU
		{BC9E1455-BABD-4365-A608-7041BBB31FB1}.Targeting|Any CPU.ActiveCfg = Release|Any CPU
		{BC9E1455-BABD-4365-A608-7041BBB31FB1}.Targeting|Any CPU.Build.0 = Release|Any CPU
		{BC9E1455-BABD-4365-A608-7041BBB31FB1}.Targeting|Mixed Platforms.ActiveCfg = Release|Any CPU
		{BC9E1455-BABD-4365-A608-7041BBB31FB1}.Targeting|Mixed Platforms.Build.0 = Release|Any CPU
		{BC9E1455-BABD-4365-A608-7041BBB31FB1}.Targeting|x86.ActiveCfg = Release|Any CPU
	EndGlobalSection
	GlobalSection(SolutionProperties) = preSolution
		HideSolutionNode = FALSE
	EndGlobalSection
	GlobalSection(NestedProjects) = preSolution
		{BB8D9BF9-12E7-40FF-BAE5-845D8927BB59} = {3ED827C9-3896-4F5C-AC9A-7516D531C209}
		{6E829E28-5519-4627-960D-12DD9162D156} = {3ED827C9-3896-4F5C-AC9A-7516D531C209}
		{9FC437D2-362D-4898-8C9B-408B16406A0F} = {3ED827C9-3896-4F5C-AC9A-7516D531C209}
		{12D40C3D-2B2D-4778-A496-F237D64B2E3B} = {3ED827C9-3896-4F5C-AC9A-7516D531C209}
	EndGlobalSection
EndGlobal
