
Microsoft Visual Studio Solution File, Format Version 11.00
# Visual Studio 2010
Project("{FAE04EC0-301F-11D3-BF4B-00C04F79EFBC}") = "LogRead", "LogRead\LogRead.csproj", "{C57D9E75-D5E1-4089-B3C0-D07E00E0A9E1}"
EndProject
Project("{FAE04EC0-301F-11D3-BF4B-00C04F79EFBC}") = "DataGridViewAutoFilter", "DataGridViewAutoFilter\DataGridViewAutoFilter.csproj", "{CB5784E6-A0CB-449B-949C-011479A778AA}"
EndProject
Global
	GlobalSection(SolutionConfigurationPlatforms) = preSolution
		Debug|Any CPU = Debug|Any CPU
		Debug|Mixed Platforms = Debug|Mixed Platforms
		Debug|x86 = Debug|x86
		Release|Any CPU = Release|Any CPU
		Release|Mixed Platforms = Release|Mixed Platforms
		Release|x86 = Release|x86
	EndGlobalSection
	GlobalSection(ProjectConfigurationPlatforms) = postSolution
		{C57D9E75-D5E1-4089-B3C0-D07E00E0A9E1}.Debug|Any CPU.ActiveCfg = Debug|x86
		{C57D9E75-D5E1-4089-B3C0-D07E00E0A9E1}.Debug|Mixed Platforms.ActiveCfg = Debug|x86
		{C57D9E75-D5E1-4089-B3C0-D07E00E0A9E1}.Debug|Mixed Platforms.Build.0 = Debug|x86
		{C57D9E75-D5E1-4089-B3C0-D07E00E0A9E1}.Debug|x86.ActiveCfg = Debug|x86
		{C57D9E75-D5E1-4089-B3C0-D07E00E0A9E1}.Debug|x86.Build.0 = Debug|x86
		{C57D9E75-D5E1-4089-B3C0-D07E00E0A9E1}.Release|Any CPU.ActiveCfg = Release|x86
		{C57D9E75-D5E1-4089-B3C0-D07E00E0A9E1}.Release|Mixed Platforms.ActiveCfg = Release|x86
		{C57D9E75-D5E1-4089-B3C0-D07E00E0A9E1}.Release|Mixed Platforms.Build.0 = Release|x86
		{C57D9E75-D5E1-4089-B3C0-D07E00E0A9E1}.Release|x86.ActiveCfg = Release|x86
		{C57D9E75-D5E1-4089-B3C0-D07E00E0A9E1}.Release|x86.Build.0 = Release|x86
		{CB5784E6-A0CB-449B-949C-011479A778AA}.Debug|Any CPU.ActiveCfg = Debug|Any CPU
		{CB5784E6-A0CB-449B-949C-011479A778AA}.Debug|Any CPU.Build.0 = Debug|Any CPU
		{CB5784E6-A0CB-449B-949C-011479A778AA}.Debug|Mixed Platforms.ActiveCfg = Debug|Any CPU
		{CB5784E6-A0CB-449B-949C-011479A778AA}.Debug|Mixed Platforms.Build.0 = Debug|Any CPU
		{CB5784E6-A0CB-449B-949C-011479A778AA}.Debug|x86.ActiveCfg = Debug|Any CPU
		{CB5784E6-A0CB-449B-949C-011479A778AA}.Release|Any CPU.ActiveCfg = Release|Any CPU
		{CB5784E6-A0CB-449B-949C-011479A778AA}.Release|Any CPU.Build.0 = Release|Any CPU
		{CB5784E6-A0CB-449B-949C-011479A778AA}.Release|Mixed Platforms.ActiveCfg = Release|Any CPU
		{CB5784E6-A0CB-449B-949C-011479A778AA}.Release|Mixed Platforms.Build.0 = Release|Any CPU
		{CB5784E6-A0CB-449B-949C-011479A778AA}.Release|x86.ActiveCfg = Release|Any CPU
	EndGlobalSection
	GlobalSection(SolutionProperties) = preSolution
		HideSolutionNode = FALSE
	EndGlobalSection
EndGlobal
