Microsoft Visual Studio Solution File, Format Version 12.00
# Visual Studio 2010
Project("{FAE04EC0-301F-11D3-BF4B-00C04F79EFBC}") = "TopDown.Core", "TopDown.Core\TopDown.Core.csproj", "{BB8D9BF9-12E7-40FF-BAE5-845D8927BB59}"
EndProject
Project("{FAE04EC0-301F-11D3-BF4B-00C04F79EFBC}") = "TopDown.Web", "TopDown.Web\TopDown.Web.csproj", "{12D40C3D-2B2D-4778-A496-F237D64B2E3B}"
EndProject
Project("{FAE04EC0-301F-11D3-BF4B-00C04F79EFBC}") = "Aims.Expressions", "TopDown.Expressions\Aims.Expressions.csproj", "{9FC437D2-362D-4898-8C9B-408B16406A0F}"
EndProject
Project("{FAE04EC0-301F-11D3-BF4B-00C04F79EFBC}") = "GreenField.Targeting.Server", "GreenField.Targeting.Server\GreenField.Targeting.Server.csproj", "{6E829E28-5519-4627-960D-12DD9162D156}"
EndProject
Project("{FAE04EC0-301F-11D3-BF4B-00C04F79EFBC}") = "GreenField.Targeting.Client", "GreenField.Targeting.Client\GreenField.Targeting.Client.csproj", "{60EFAB0A-6A13-4E2A-90DF-064DCB6526D2}"
	ProjectSection(ProjectDependencies) = postProject
		{BC9E1455-BABD-4365-A608-7041BBB31FB1} = {BC9E1455-BABD-4365-A608-7041BBB31FB1}
	EndProjectSection
EndProject
Project("{FAE04EC0-301F-11D3-BF4B-00C04F79EFBC}") = "GreenField.Targeting.Controls", "GreenField.Targeting.Controls\GreenField.Targeting.Controls.csproj", "{41FF9542-D13F-4F69-85B3-A435ADF58243}"
EndProject
Project("{FAE04EC0-301F-11D3-BF4B-00C04F79EFBC}") = "GreenField.Targeting.Backend", "GreenField.Targeting.Backend\GreenField.Targeting.Backend.csproj", "{BC9E1455-BABD-4365-A608-7041BBB31FB1}"
EndProject
Project("{FAE04EC0-301F-11D3-BF4B-00C04F79EFBC}") = "Greenfield.Targeting.App", "Greenfield.Targeting.App\Greenfield.Targeting.App.csproj", "{7C2FBBA3-4BA9-48E5-994E-CE763526D9B8}"
EndProject
Project("{FAE04EC0-301F-11D3-BF4B-00C04F79EFBC}") = "TopDown.Core.Testing", "TopDown.Core.Testinh\TopDown.Core.Testing.csproj", "{B5DC80DC-6B60-412E-B4FC-F32D11BB7E9B}"
EndProject
Project("{FAE04EC0-301F-11D3-BF4B-00C04F79EFBC}") = "Aims.Controls", "Aims.Controls\Aims.Controls.csproj", "{23635A8E-745F-45D6-A4C7-31B67DA175E2}"
EndProject
Project("{FAE04EC0-301F-11D3-BF4B-00C04F79EFBC}") = "Aims.Data.Client", "Aims.Data.Client\Aims.Data.Client.csproj", "{69F03A94-4D45-4682-9796-648C752F95E6}"
EndProject
Project("{FAE04EC0-301F-11D3-BF4B-00C04F79EFBC}") = "Aims.Core", "..\Aims.Core\Aims.Core.csproj", "{426D597E-4276-41D2-BE84-D1229501A51A}"
EndProject
Global
	GlobalSection(SolutionConfigurationPlatforms) = preSolution
		Debug|Any CPU = Debug|Any CPU
		Debug|Mixed Platforms = Debug|Mixed Platforms
		Release|Any CPU = Release|Any CPU
		Release|Mixed Platforms = Release|Mixed Platforms
	EndGlobalSection
	GlobalSection(ProjectConfigurationPlatforms) = postSolution
		{BB8D9BF9-12E7-40FF-BAE5-845D8927BB59}.Debug|Any CPU.ActiveCfg = Debug|Any CPU
		{BB8D9BF9-12E7-40FF-BAE5-845D8927BB59}.Debug|Mixed Platforms.ActiveCfg = Debug|Any CPU
		{BB8D9BF9-12E7-40FF-BAE5-845D8927BB59}.Debug|Mixed Platforms.Build.0 = Debug|Any CPU
		{BB8D9BF9-12E7-40FF-BAE5-845D8927BB59}.Release|Any CPU.ActiveCfg = Release|Any CPU
		{BB8D9BF9-12E7-40FF-BAE5-845D8927BB59}.Release|Mixed Platforms.ActiveCfg = Release|Any CPU
		{12D40C3D-2B2D-4778-A496-F237D64B2E3B}.Debug|Any CPU.ActiveCfg = Debug|Any CPU
		{12D40C3D-2B2D-4778-A496-F237D64B2E3B}.Debug|Any CPU.Build.0 = Debug|Any CPU
		{12D40C3D-2B2D-4778-A496-F237D64B2E3B}.Debug|Mixed Platforms.ActiveCfg = Debug|Any CPU
		{12D40C3D-2B2D-4778-A496-F237D64B2E3B}.Debug|Mixed Platforms.Build.0 = Debug|Any CPU
		{12D40C3D-2B2D-4778-A496-F237D64B2E3B}.Release|Any CPU.ActiveCfg = Release|Any CPU
		{12D40C3D-2B2D-4778-A496-F237D64B2E3B}.Release|Any CPU.Build.0 = Release|Any CPU
		{12D40C3D-2B2D-4778-A496-F237D64B2E3B}.Release|Mixed Platforms.ActiveCfg = Release|Any CPU
		{12D40C3D-2B2D-4778-A496-F237D64B2E3B}.Release|Mixed Platforms.Build.0 = Release|Any CPU
		{9FC437D2-362D-4898-8C9B-408B16406A0F}.Debug|Any CPU.ActiveCfg = Debug|Any CPU
		{9FC437D2-362D-4898-8C9B-408B16406A0F}.Debug|Any CPU.Build.0 = Debug|Any CPU
		{9FC437D2-362D-4898-8C9B-408B16406A0F}.Debug|Mixed Platforms.ActiveCfg = Debug|Any CPU
		{9FC437D2-362D-4898-8C9B-408B16406A0F}.Debug|Mixed Platforms.Build.0 = Debug|Any CPU
		{9FC437D2-362D-4898-8C9B-408B16406A0F}.Release|Any CPU.ActiveCfg = Release|Any CPU
		{9FC437D2-362D-4898-8C9B-408B16406A0F}.Release|Any CPU.Build.0 = Release|Any CPU
		{9FC437D2-362D-4898-8C9B-408B16406A0F}.Release|Mixed Platforms.ActiveCfg = Release|Any CPU
		{9FC437D2-362D-4898-8C9B-408B16406A0F}.Release|Mixed Platforms.Build.0 = Release|Any CPU
		{6E829E28-5519-4627-960D-12DD9162D156}.Debug|Any CPU.ActiveCfg = Debug|Any CPU
		{6E829E28-5519-4627-960D-12DD9162D156}.Debug|Any CPU.Build.0 = Debug|Any CPU
		{6E829E28-5519-4627-960D-12DD9162D156}.Debug|Mixed Platforms.ActiveCfg = Debug|Any CPU
		{6E829E28-5519-4627-960D-12DD9162D156}.Debug|Mixed Platforms.Build.0 = Debug|Any CPU
		{6E829E28-5519-4627-960D-12DD9162D156}.Release|Any CPU.ActiveCfg = Release|Any CPU
		{6E829E28-5519-4627-960D-12DD9162D156}.Release|Any CPU.Build.0 = Release|Any CPU
		{6E829E28-5519-4627-960D-12DD9162D156}.Release|Mixed Platforms.ActiveCfg = Release|Any CPU
		{6E829E28-5519-4627-960D-12DD9162D156}.Release|Mixed Platforms.Build.0 = Release|Any CPU
		{60EFAB0A-6A13-4E2A-90DF-064DCB6526D2}.Debug|Any CPU.ActiveCfg = Debug|Any CPU
		{60EFAB0A-6A13-4E2A-90DF-064DCB6526D2}.Debug|Any CPU.Build.0 = Debug|Any CPU
		{60EFAB0A-6A13-4E2A-90DF-064DCB6526D2}.Debug|Mixed Platforms.ActiveCfg = Debug|Any CPU
		{60EFAB0A-6A13-4E2A-90DF-064DCB6526D2}.Debug|Mixed Platforms.Build.0 = Debug|Any CPU
		{60EFAB0A-6A13-4E2A-90DF-064DCB6526D2}.Release|Any CPU.ActiveCfg = Release|Any CPU
		{60EFAB0A-6A13-4E2A-90DF-064DCB6526D2}.Release|Any CPU.Build.0 = Release|Any CPU
		{60EFAB0A-6A13-4E2A-90DF-064DCB6526D2}.Release|Mixed Platforms.ActiveCfg = Release|Any CPU
		{60EFAB0A-6A13-4E2A-90DF-064DCB6526D2}.Release|Mixed Platforms.Build.0 = Release|Any CPU
		{41FF9542-D13F-4F69-85B3-A435ADF58243}.Debug|Any CPU.ActiveCfg = Debug|Any CPU
		{41FF9542-D13F-4F69-85B3-A435ADF58243}.Debug|Any CPU.Build.0 = Debug|Any CPU
		{41FF9542-D13F-4F69-85B3-A435ADF58243}.Debug|Mixed Platforms.ActiveCfg = Debug|Any CPU
		{41FF9542-D13F-4F69-85B3-A435ADF58243}.Debug|Mixed Platforms.Build.0 = Debug|Any CPU
		{41FF9542-D13F-4F69-85B3-A435ADF58243}.Release|Any CPU.ActiveCfg = Release|Any CPU
		{41FF9542-D13F-4F69-85B3-A435ADF58243}.Release|Any CPU.Build.0 = Release|Any CPU
		{41FF9542-D13F-4F69-85B3-A435ADF58243}.Release|Mixed Platforms.ActiveCfg = Release|Any CPU
		{41FF9542-D13F-4F69-85B3-A435ADF58243}.Release|Mixed Platforms.Build.0 = Release|Any CPU
		{BC9E1455-BABD-4365-A608-7041BBB31FB1}.Debug|Any CPU.ActiveCfg = Debug|Any CPU
		{BC9E1455-BABD-4365-A608-7041BBB31FB1}.Debug|Any CPU.Build.0 = Debug|Any CPU
		{BC9E1455-BABD-4365-A608-7041BBB31FB1}.Debug|Mixed Platforms.ActiveCfg = Debug|Any CPU
		{BC9E1455-BABD-4365-A608-7041BBB31FB1}.Debug|Mixed Platforms.Build.0 = Debug|Any CPU
		{BC9E1455-BABD-4365-A608-7041BBB31FB1}.Release|Any CPU.ActiveCfg = Release|Any CPU
		{BC9E1455-BABD-4365-A608-7041BBB31FB1}.Release|Any CPU.Build.0 = Release|Any CPU
		{BC9E1455-BABD-4365-A608-7041BBB31FB1}.Release|Mixed Platforms.ActiveCfg = Release|Any CPU
		{BC9E1455-BABD-4365-A608-7041BBB31FB1}.Release|Mixed Platforms.Build.0 = Release|Any CPU
		{7C2FBBA3-4BA9-48E5-994E-CE763526D9B8}.Debug|Any CPU.ActiveCfg = Debug|Any CPU
		{7C2FBBA3-4BA9-48E5-994E-CE763526D9B8}.Debug|Any CPU.Build.0 = Debug|Any CPU
		{7C2FBBA3-4BA9-48E5-994E-CE763526D9B8}.Debug|Mixed Platforms.ActiveCfg = Debug|Any CPU
		{7C2FBBA3-4BA9-48E5-994E-CE763526D9B8}.Debug|Mixed Platforms.Build.0 = Debug|Any CPU
		{7C2FBBA3-4BA9-48E5-994E-CE763526D9B8}.Release|Any CPU.ActiveCfg = Release|Any CPU
		{7C2FBBA3-4BA9-48E5-994E-CE763526D9B8}.Release|Any CPU.Build.0 = Release|Any CPU
		{7C2FBBA3-4BA9-48E5-994E-CE763526D9B8}.Release|Mixed Platforms.ActiveCfg = Release|Any CPU
		{7C2FBBA3-4BA9-48E5-994E-CE763526D9B8}.Release|Mixed Platforms.Build.0 = Release|Any CPU
		{B5DC80DC-6B60-412E-B4FC-F32D11BB7E9B}.Debug|Any CPU.ActiveCfg = Debug|Any CPU
		{B5DC80DC-6B60-412E-B4FC-F32D11BB7E9B}.Debug|Any CPU.Build.0 = Debug|Any CPU
		{B5DC80DC-6B60-412E-B4FC-F32D11BB7E9B}.Debug|Mixed Platforms.ActiveCfg = Debug|Any CPU
		{B5DC80DC-6B60-412E-B4FC-F32D11BB7E9B}.Debug|Mixed Platforms.Build.0 = Debug|Any CPU
		{B5DC80DC-6B60-412E-B4FC-F32D11BB7E9B}.Release|Any CPU.ActiveCfg = Release|Any CPU
		{B5DC80DC-6B60-412E-B4FC-F32D11BB7E9B}.Release|Any CPU.Build.0 = Release|Any CPU
		{B5DC80DC-6B60-412E-B4FC-F32D11BB7E9B}.Release|Mixed Platforms.ActiveCfg = Release|Any CPU
		{B5DC80DC-6B60-412E-B4FC-F32D11BB7E9B}.Release|Mixed Platforms.Build.0 = Release|Any CPU
		{23635A8E-745F-45D6-A4C7-31B67DA175E2}.Debug|Any CPU.ActiveCfg = Debug|Any CPU
		{23635A8E-745F-45D6-A4C7-31B67DA175E2}.Debug|Any CPU.Build.0 = Debug|Any CPU
		{23635A8E-745F-45D6-A4C7-31B67DA175E2}.Debug|Mixed Platforms.ActiveCfg = Debug|Any CPU
		{23635A8E-745F-45D6-A4C7-31B67DA175E2}.Debug|Mixed Platforms.Build.0 = Debug|Any CPU
		{23635A8E-745F-45D6-A4C7-31B67DA175E2}.Release|Any CPU.ActiveCfg = Release|Any CPU
		{23635A8E-745F-45D6-A4C7-31B67DA175E2}.Release|Any CPU.Build.0 = Release|Any CPU
		{23635A8E-745F-45D6-A4C7-31B67DA175E2}.Release|Mixed Platforms.ActiveCfg = Release|Any CPU
		{23635A8E-745F-45D6-A4C7-31B67DA175E2}.Release|Mixed Platforms.Build.0 = Release|Any CPU
		{69F03A94-4D45-4682-9796-648C752F95E6}.Debug|Any CPU.ActiveCfg = Debug|Any CPU
		{69F03A94-4D45-4682-9796-648C752F95E6}.Debug|Any CPU.Build.0 = Debug|Any CPU
		{69F03A94-4D45-4682-9796-648C752F95E6}.Debug|Mixed Platforms.ActiveCfg = Debug|Any CPU
		{69F03A94-4D45-4682-9796-648C752F95E6}.Debug|Mixed Platforms.Build.0 = Debug|Any CPU
		{69F03A94-4D45-4682-9796-648C752F95E6}.Release|Any CPU.ActiveCfg = Release|Any CPU
		{69F03A94-4D45-4682-9796-648C752F95E6}.Release|Any CPU.Build.0 = Release|Any CPU
		{69F03A94-4D45-4682-9796-648C752F95E6}.Release|Mixed Platforms.ActiveCfg = Release|Any CPU
		{69F03A94-4D45-4682-9796-648C752F95E6}.Release|Mixed Platforms.Build.0 = Release|Any CPU
		{426D597E-4276-41D2-BE84-D1229501A51A}.Debug|Any CPU.ActiveCfg = Debug|Any CPU
		{426D597E-4276-41D2-BE84-D1229501A51A}.Debug|Any CPU.Build.0 = Debug|Any CPU
		{426D597E-4276-41D2-BE84-D1229501A51A}.Debug|Mixed Platforms.ActiveCfg = Debug|Any CPU
		{426D597E-4276-41D2-BE84-D1229501A51A}.Debug|Mixed Platforms.Build.0 = Debug|Any CPU
		{426D597E-4276-41D2-BE84-D1229501A51A}.Release|Any CPU.ActiveCfg = Release|Any CPU
		{426D597E-4276-41D2-BE84-D1229501A51A}.Release|Any CPU.Build.0 = Release|Any CPU
		{426D597E-4276-41D2-BE84-D1229501A51A}.Release|Mixed Platforms.ActiveCfg = Release|Any CPU
		{426D597E-4276-41D2-BE84-D1229501A51A}.Release|Mixed Platforms.Build.0 = Release|Any CPU
	EndGlobalSection
	GlobalSection(SolutionProperties) = preSolution
		HideSolutionNode = FALSE
	EndGlobalSection
EndGlobal
